{
  "version": 4,
  "terraform_version": "1.10.3",
  "serial": 232,
  "lineage": "6898dcc9-04de-a7e9-1f26-a7f0f38ab5e6",
  "outputs": {
    "workstation_private_key": {
      "value": "-----BEGIN RSA PRIVATE KEY-----\nMIIEowIBAAKCAQEAu8yueIccYTfa6kF6J41lphhlhC1F1XOKGXmpSJY/puSr5j/V\nubVrJpgnGvDAyRkADPDvEBSZ3oDkzvGgRHFWxzHqYO5uiY0DFwurCR9BOYitlJli\nbCG2Ry1h/CppcwWDEQFQuF48L4frnrC49MMV/4muf6Bkikw4q7n6TnvAN5juybkM\n75IERhrESF+jTbANTXvMd74yU3Jmc4TePP4wYMlA7Wonug2hhDWP2mZBl9T77s+N\nB4Hx5NEy9DWg5/gG20bIS5ddLhEkKEiYrlDS0QPMYkStENqgU/mI5KZSeNa66+km\n/ZZ73mcJoIXQe5Bfjt+yMSNHW1ULU9qTj6OBkQIDAQABAoIBAEB3XbjwIHTa+KIL\nggRLzIX8v/RkmiFQvSpLkinhsc33l269oP9T4IlqF5pu5K7jjxniJx5tA/jWZDUJ\nystT4McWQm+tyXIcXuAtWDQUb45xdayaDqgx1mGOmaE3aeVbEgfnXK89Ygmq7d4W\nqhcTVNzYhXc4NusmiRmiCOOiJXSvywJZzxMKOjfdiKpPfNVJpjYdGtU+p/aXl1XX\nqh4jVIeijd3tYoCClZZl2bSNk5uzhfeMmN73EAGH9sJndGHevDvF9Gj+n2Fe0Zaj\nSf9pf8eLWJMzqgUZhd0h9dLyXCwEpOXqEJn7EufJehcpFNstJiUZnuUD5m4mX6PO\nch1czGUCgYEAzS6jLhPQgjmsszhq9FCDs+kYZwYtvuN/JGSqTV0VrBjm7FKSByah\nk5BrFExi9lKT5iuN7SLe3WjuHhwpZxsAhz/1wO+GmL5XVL9MUAzieJ/LaGpP/u9B\njxBZY72hpc9W2XAf2qGcbwRLwEaE9cA2s+UzhFuQ4OwzzfjK5TIPibcCgYEA6k/q\ndw7nAt9cAG11LUpRwjWjdllpbdAn5kSHqCXFpJkwLpHc9WSEAb4WSlLE4HMt+LjQ\nqz5Fwj0v/aMqbcn5Ar9OnT+PW5OIwSh0dAXzOeW3nBLajQJAz17enjHtzPyDekRY\nyQqs5l5ox+qNdPDshzB2hpXlSxD601gaBppPbvcCgYBwQRa3q9GEnac1eiVRuwcD\nFADsxH2clPxHXeeqYcXsnMch/d60mNcHU5ixx0TRPMZ7w9JnLY++lJzJzmB8b1Jv\nrHd4cdMyl9hRnkNS/Gme0tXHL3rKn/0/FxPAtMvOWkxKs8RJqeda+X+0FyDBDsMe\n0sPHowz1cWS6SGZA1I2ZqwKBgCkLRq8EVUMTjTIl+lispBW4/6FDmEw8IkEb0AeM\nVkq26tG9i08RBG6ptY3fYc1PX8Yp2aOljOKxhS6Q3mXM82mfyU2STLJl7ZaoV33b\nbPe/XaJhSxdYRbINlEFxzY4SzZUlU8gjrpXMA97BH3ZUnZowyxJYP4oet1E+JZDy\nhueRAoGBAK6ZExuoT9kfCw0DBw87ZX7TLZuN9GRIpWM9dXStSnq7nmcspnWr11Yc\npFcqJkeEbC6ODHjWYyiloJzjYUWtuQXhRzJi8AOH5dcZezfT4xp4UdBY1L3/Vr/c\nxermvodiwFObUNyuCtwH8ywDmClLcbsYuWDRf3v+k3TNQdYeA0nt\n-----END RSA PRIVATE KEY-----\n",
      "type": "string",
      "sensitive": true
    },
    "workstation_public_key": {
      "value": "ssh-rsa AAAAB3NzaC1yc2EAAAADAQABAAABAQC7zK54hxxhN9rqQXonjWWmGGWELUXVc4oZealIlj+m5KvmP9W5tWsmmCca8MDJGQAM8O8QFJnegOTO8aBEcVbHMepg7m6JjQMXC6sJH0E5iK2UmWJsIbZHLWH8KmlzBYMRAVC4Xjwvh+uesLj0wxX/ia5/oGSKTDirufpOe8A3mO7JuQzvkgRGGsRIX6NNsA1Ne8x3vjJTcmZzhN48/jBgyUDtaie6DaGENY/aZkGX1Pvuz40HgfHk0TL0NaDn+AbbRshLl10uESQoSJiuUNLRA8xiRK0Q2qBT+YjkplJ41rrr6Sb9lnveZwmghdB7kF+O37IxI0dbVQtT2pOPo4GR\n",
      "type": "string"
    }
  },
  "resources": [
    {
      "mode": "managed",
      "type": "aws_instance",
      "name": "example",
      "provider": "provider[\"registry.terraform.io/hashicorp/aws\"]",
      "instances": [
        {
          "index_key": "cp1",
          "schema_version": 1,
          "attributes": {
            "ami": "ami-0ac6b9b2908f3e20d",
            "arn": "arn:aws:ec2:ap-northeast-1:262293142070:instance/i-0edfbf7278ac0acc5",
            "associate_public_ip_address": true,
            "availability_zone": "ap-northeast-1a",
            "capacity_reservation_specification": [
              {
                "capacity_reservation_preference": "open",
                "capacity_reservation_target": []
              }
            ],
            "cpu_core_count": 2,
            "cpu_options": [
              {
                "amd_sev_snp": "",
                "core_count": 2,
                "threads_per_core": 1
              }
            ],
            "cpu_threads_per_core": 1,
            "credit_specification": [
              {
                "cpu_credits": "standard"
              }
            ],
            "disable_api_stop": false,
            "disable_api_termination": false,
            "ebs_block_device": [],
            "ebs_optimized": false,
            "enable_primary_ipv6": null,
            "enclave_options": [
              {
                "enabled": false
              }
            ],
            "ephemeral_block_device": [],
            "get_password_data": false,
            "hibernation": false,
            "host_id": "",
            "host_resource_group_arn": null,
            "iam_instance_profile": "",
            "id": "i-0edfbf7278ac0acc5",
            "instance_initiated_shutdown_behavior": "stop",
            "instance_lifecycle": "",
            "instance_market_options": [],
            "instance_state": "running",
            "instance_type": "t2.medium",
            "ipv6_address_count": 0,
            "ipv6_addresses": [],
            "key_name": "k8s-key",
            "launch_template": [],
            "maintenance_options": [
              {
                "auto_recovery": "default"
              }
            ],
            "metadata_options": [
              {
                "http_endpoint": "enabled",
                "http_protocol_ipv6": "disabled",
                "http_put_response_hop_limit": 1,
                "http_tokens": "optional",
                "instance_metadata_tags": "disabled"
              }
            ],
            "monitoring": false,
            "network_interface": [],
            "outpost_arn": "",
            "password_data": "",
            "placement_group": "",
            "placement_partition_number": 0,
            "primary_network_interface_id": "eni-0f83cb19054a5fba4",
            "private_dns": "ip-172-31-45-86.ap-northeast-1.compute.internal",
            "private_dns_name_options": [
              {
                "enable_resource_name_dns_a_record": false,
                "enable_resource_name_dns_aaaa_record": false,
                "hostname_type": "ip-name"
              }
            ],
            "private_ip": "172.31.45.86",
            "public_dns": "ec2-54-250-143-47.ap-northeast-1.compute.amazonaws.com",
            "public_ip": "54.250.143.47",
            "root_block_device": [
              {
                "delete_on_termination": true,
                "device_name": "/dev/sda1",
                "encrypted": false,
                "iops": 100,
                "kms_key_id": "",
                "tags": {},
                "tags_all": {},
                "throughput": 0,
                "volume_id": "vol-0c18748662a599d6e",
                "volume_size": 8,
                "volume_type": "gp2"
              }
            ],
            "secondary_private_ips": [],
            "security_groups": [
              "k8s-sg"
            ],
            "source_dest_check": true,
            "spot_instance_request_id": "",
            "subnet_id": "subnet-0d34d5d4e3f36f0db",
            "tags": {
              "Name": "cp1"
            },
            "tags_all": {
              "Name": "cp1"
            },
            "tenancy": "default",
            "timeouts": null,
            "user_data": "bd5d5133ea6151ba6def5df81a3ad31226f70f6d",
            "user_data_base64": null,
            "user_data_replace_on_change": false,
            "volume_tags": null,
            "vpc_security_group_ids": [
              "sg-06402ee46c42f8e96"
            ]
          },
          "sensitive_attributes": [],
          "private": "eyJlMmJmYjczMC1lY2FhLTExZTYtOGY4OC0zNDM2M2JjN2M0YzAiOnsiY3JlYXRlIjo2MDAwMDAwMDAwMDAsImRlbGV0ZSI6MTIwMDAwMDAwMDAwMCwicmVhZCI6OTAwMDAwMDAwMDAwLCJ1cGRhdGUiOjYwMDAwMDAwMDAwMH0sInNjaGVtYV92ZXJzaW9uIjoiMSJ9",
          "dependencies": [
            "tls_private_key.workstation_key"
          ]
        },
        {
          "index_key": "cp2",
          "schema_version": 1,
          "attributes": {
            "ami": "ami-0ac6b9b2908f3e20d",
            "arn": "arn:aws:ec2:ap-northeast-1:262293142070:instance/i-0286b25f8e1d7fab8",
            "associate_public_ip_address": true,
            "availability_zone": "ap-northeast-1a",
            "capacity_reservation_specification": [
              {
                "capacity_reservation_preference": "open",
                "capacity_reservation_target": []
              }
            ],
            "cpu_core_count": 2,
            "cpu_options": [
              {
                "amd_sev_snp": "",
                "core_count": 2,
                "threads_per_core": 1
              }
            ],
            "cpu_threads_per_core": 1,
            "credit_specification": [
              {
                "cpu_credits": "standard"
              }
            ],
            "disable_api_stop": false,
            "disable_api_termination": false,
            "ebs_block_device": [],
            "ebs_optimized": false,
            "enable_primary_ipv6": null,
            "enclave_options": [
              {
                "enabled": false
              }
            ],
            "ephemeral_block_device": [],
            "get_password_data": false,
            "hibernation": false,
            "host_id": "",
            "host_resource_group_arn": null,
            "iam_instance_profile": "",
            "id": "i-0286b25f8e1d7fab8",
            "instance_initiated_shutdown_behavior": "stop",
            "instance_lifecycle": "",
            "instance_market_options": [],
            "instance_state": "running",
            "instance_type": "t2.medium",
            "ipv6_address_count": 0,
            "ipv6_addresses": [],
            "key_name": "k8s-key",
            "launch_template": [],
            "maintenance_options": [
              {
                "auto_recovery": "default"
              }
            ],
            "metadata_options": [
              {
                "http_endpoint": "enabled",
                "http_protocol_ipv6": "disabled",
                "http_put_response_hop_limit": 1,
                "http_tokens": "optional",
                "instance_metadata_tags": "disabled"
              }
            ],
            "monitoring": false,
            "network_interface": [],
            "outpost_arn": "",
            "password_data": "",
            "placement_group": "",
            "placement_partition_number": 0,
            "primary_network_interface_id": "eni-03a79e206292601dd",
            "private_dns": "ip-172-31-46-17.ap-northeast-1.compute.internal",
            "private_dns_name_options": [
              {
                "enable_resource_name_dns_a_record": false,
                "enable_resource_name_dns_aaaa_record": false,
                "hostname_type": "ip-name"
              }
            ],
            "private_ip": "172.31.46.17",
            "public_dns": "ec2-52-199-176-185.ap-northeast-1.compute.amazonaws.com",
            "public_ip": "52.199.176.185",
            "root_block_device": [
              {
                "delete_on_termination": true,
                "device_name": "/dev/sda1",
                "encrypted": false,
                "iops": 100,
                "kms_key_id": "",
                "tags": {},
                "tags_all": {},
                "throughput": 0,
                "volume_id": "vol-02cfe6c39fea82ef8",
                "volume_size": 8,
                "volume_type": "gp2"
              }
            ],
            "secondary_private_ips": [],
            "security_groups": [
              "k8s-sg"
            ],
            "source_dest_check": true,
            "spot_instance_request_id": "",
            "subnet_id": "subnet-0d34d5d4e3f36f0db",
            "tags": {
              "Name": "cp2"
            },
            "tags_all": {
              "Name": "cp2"
            },
            "tenancy": "default",
            "timeouts": null,
            "user_data": "a6e3757b9d2e9d9da5fd80b2e6b524fbe9f4df49",
            "user_data_base64": null,
            "user_data_replace_on_change": false,
            "volume_tags": null,
            "vpc_security_group_ids": [
              "sg-06402ee46c42f8e96"
            ]
          },
          "sensitive_attributes": [],
          "private": "eyJlMmJmYjczMC1lY2FhLTExZTYtOGY4OC0zNDM2M2JjN2M0YzAiOnsiY3JlYXRlIjo2MDAwMDAwMDAwMDAsImRlbGV0ZSI6MTIwMDAwMDAwMDAwMCwicmVhZCI6OTAwMDAwMDAwMDAwLCJ1cGRhdGUiOjYwMDAwMDAwMDAwMH0sInNjaGVtYV92ZXJzaW9uIjoiMSJ9",
          "dependencies": [
            "tls_private_key.workstation_key"
          ]
        },
        {
          "index_key": "cp3",
          "schema_version": 1,
          "attributes": {
            "ami": "ami-0ac6b9b2908f3e20d",
            "arn": "arn:aws:ec2:ap-northeast-1:262293142070:instance/i-002185e45cef186c6",
            "associate_public_ip_address": true,
            "availability_zone": "ap-northeast-1a",
            "capacity_reservation_specification": [
              {
                "capacity_reservation_preference": "open",
                "capacity_reservation_target": []
              }
            ],
            "cpu_core_count": 2,
            "cpu_options": [
              {
                "amd_sev_snp": "",
                "core_count": 2,
                "threads_per_core": 1
              }
            ],
            "cpu_threads_per_core": 1,
            "credit_specification": [
              {
                "cpu_credits": "standard"
              }
            ],
            "disable_api_stop": false,
            "disable_api_termination": false,
            "ebs_block_device": [],
            "ebs_optimized": false,
            "enable_primary_ipv6": null,
            "enclave_options": [
              {
                "enabled": false
              }
            ],
            "ephemeral_block_device": [],
            "get_password_data": false,
            "hibernation": false,
            "host_id": "",
            "host_resource_group_arn": null,
            "iam_instance_profile": "",
            "id": "i-002185e45cef186c6",
            "instance_initiated_shutdown_behavior": "stop",
            "instance_lifecycle": "",
            "instance_market_options": [],
            "instance_state": "running",
            "instance_type": "t2.medium",
            "ipv6_address_count": 0,
            "ipv6_addresses": [],
            "key_name": "k8s-key",
            "launch_template": [],
            "maintenance_options": [
              {
                "auto_recovery": "default"
              }
            ],
            "metadata_options": [
              {
                "http_endpoint": "enabled",
                "http_protocol_ipv6": "disabled",
                "http_put_response_hop_limit": 1,
                "http_tokens": "optional",
                "instance_metadata_tags": "disabled"
              }
            ],
            "monitoring": false,
            "network_interface": [],
            "outpost_arn": "",
            "password_data": "",
            "placement_group": "",
            "placement_partition_number": 0,
            "primary_network_interface_id": "eni-0706daab1af5439f3",
            "private_dns": "ip-172-31-47-56.ap-northeast-1.compute.internal",
            "private_dns_name_options": [
              {
                "enable_resource_name_dns_a_record": false,
                "enable_resource_name_dns_aaaa_record": false,
                "hostname_type": "ip-name"
              }
            ],
            "private_ip": "172.31.47.56",
            "public_dns": "ec2-52-196-106-100.ap-northeast-1.compute.amazonaws.com",
            "public_ip": "52.196.106.100",
            "root_block_device": [
              {
                "delete_on_termination": true,
                "device_name": "/dev/sda1",
                "encrypted": false,
                "iops": 100,
                "kms_key_id": "",
                "tags": {},
                "tags_all": {},
                "throughput": 0,
                "volume_id": "vol-0f0e25405278342eb",
                "volume_size": 8,
                "volume_type": "gp2"
              }
            ],
            "secondary_private_ips": [],
            "security_groups": [
              "k8s-sg"
            ],
            "source_dest_check": true,
            "spot_instance_request_id": "",
            "subnet_id": "subnet-0d34d5d4e3f36f0db",
            "tags": {
              "Name": "cp3"
            },
            "tags_all": {
              "Name": "cp3"
            },
            "tenancy": "default",
            "timeouts": null,
            "user_data": "c1edf977a08b90f0839edcea013f5af376ffc802",
            "user_data_base64": null,
            "user_data_replace_on_change": false,
            "volume_tags": null,
            "vpc_security_group_ids": [
              "sg-06402ee46c42f8e96"
            ]
          },
          "sensitive_attributes": [],
          "private": "eyJlMmJmYjczMC1lY2FhLTExZTYtOGY4OC0zNDM2M2JjN2M0YzAiOnsiY3JlYXRlIjo2MDAwMDAwMDAwMDAsImRlbGV0ZSI6MTIwMDAwMDAwMDAwMCwicmVhZCI6OTAwMDAwMDAwMDAwLCJ1cGRhdGUiOjYwMDAwMDAwMDAwMH0sInNjaGVtYV92ZXJzaW9uIjoiMSJ9",
          "dependencies": [
            "tls_private_key.workstation_key"
          ]
        },
        {
          "index_key": "worker1",
          "schema_version": 1,
          "attributes": {
            "ami": "ami-0ac6b9b2908f3e20d",
            "arn": "arn:aws:ec2:ap-northeast-1:262293142070:instance/i-08b84ed3bb551fec7",
            "associate_public_ip_address": true,
            "availability_zone": "ap-northeast-1a",
            "capacity_reservation_specification": [
              {
                "capacity_reservation_preference": "open",
                "capacity_reservation_target": []
              }
            ],
            "cpu_core_count": 2,
            "cpu_options": [
              {
                "amd_sev_snp": "",
                "core_count": 2,
                "threads_per_core": 1
              }
            ],
            "cpu_threads_per_core": 1,
            "credit_specification": [
              {
                "cpu_credits": "standard"
              }
            ],
            "disable_api_stop": false,
            "disable_api_termination": false,
            "ebs_block_device": [],
            "ebs_optimized": false,
            "enable_primary_ipv6": null,
            "enclave_options": [
              {
                "enabled": false
              }
            ],
            "ephemeral_block_device": [],
            "get_password_data": false,
            "hibernation": false,
            "host_id": "",
            "host_resource_group_arn": null,
            "iam_instance_profile": "",
            "id": "i-08b84ed3bb551fec7",
            "instance_initiated_shutdown_behavior": "stop",
            "instance_lifecycle": "",
            "instance_market_options": [],
            "instance_state": "running",
            "instance_type": "t2.medium",
            "ipv6_address_count": 0,
            "ipv6_addresses": [],
            "key_name": "k8s-key",
            "launch_template": [],
            "maintenance_options": [
              {
                "auto_recovery": "default"
              }
            ],
            "metadata_options": [
              {
                "http_endpoint": "enabled",
                "http_protocol_ipv6": "disabled",
                "http_put_response_hop_limit": 1,
                "http_tokens": "optional",
                "instance_metadata_tags": "disabled"
              }
            ],
            "monitoring": false,
            "network_interface": [],
            "outpost_arn": "",
            "password_data": "",
            "placement_group": "",
            "placement_partition_number": 0,
            "primary_network_interface_id": "eni-0cff869a608eed480",
            "private_dns": "ip-172-31-47-147.ap-northeast-1.compute.internal",
            "private_dns_name_options": [
              {
                "enable_resource_name_dns_a_record": false,
                "enable_resource_name_dns_aaaa_record": false,
                "hostname_type": "ip-name"
              }
            ],
            "private_ip": "172.31.47.147",
            "public_dns": "ec2-13-115-75-101.ap-northeast-1.compute.amazonaws.com",
            "public_ip": "13.115.75.101",
            "root_block_device": [
              {
                "delete_on_termination": true,
                "device_name": "/dev/sda1",
                "encrypted": false,
                "iops": 100,
                "kms_key_id": "",
                "tags": {},
                "tags_all": {},
                "throughput": 0,
                "volume_id": "vol-0390715d4a0237eaf",
                "volume_size": 8,
                "volume_type": "gp2"
              }
            ],
            "secondary_private_ips": [],
            "security_groups": [
              "k8s-sg"
            ],
            "source_dest_check": true,
            "spot_instance_request_id": "",
            "subnet_id": "subnet-0d34d5d4e3f36f0db",
            "tags": {
              "Name": "worker1"
            },
            "tags_all": {
              "Name": "worker1"
            },
            "tenancy": "default",
            "timeouts": null,
            "user_data": "f1aaf3026e3941bd56a1d7df25e7f4889ebcc1a9",
            "user_data_base64": null,
            "user_data_replace_on_change": false,
            "volume_tags": null,
            "vpc_security_group_ids": [
              "sg-06402ee46c42f8e96"
            ]
          },
          "sensitive_attributes": [],
          "private": "eyJlMmJmYjczMC1lY2FhLTExZTYtOGY4OC0zNDM2M2JjN2M0YzAiOnsiY3JlYXRlIjo2MDAwMDAwMDAwMDAsImRlbGV0ZSI6MTIwMDAwMDAwMDAwMCwicmVhZCI6OTAwMDAwMDAwMDAwLCJ1cGRhdGUiOjYwMDAwMDAwMDAwMH0sInNjaGVtYV92ZXJzaW9uIjoiMSJ9",
          "dependencies": [
            "tls_private_key.workstation_key"
          ]
        },
        {
          "index_key": "worker2",
          "schema_version": 1,
          "attributes": {
            "ami": "ami-0ac6b9b2908f3e20d",
            "arn": "arn:aws:ec2:ap-northeast-1:262293142070:instance/i-0aa962d9b466d6188",
            "associate_public_ip_address": true,
            "availability_zone": "ap-northeast-1a",
            "capacity_reservation_specification": [
              {
                "capacity_reservation_preference": "open",
                "capacity_reservation_target": []
              }
            ],
            "cpu_core_count": 2,
            "cpu_options": [
              {
                "amd_sev_snp": "",
                "core_count": 2,
                "threads_per_core": 1
              }
            ],
            "cpu_threads_per_core": 1,
            "credit_specification": [
              {
                "cpu_credits": "standard"
              }
            ],
            "disable_api_stop": false,
            "disable_api_termination": false,
            "ebs_block_device": [],
            "ebs_optimized": false,
            "enable_primary_ipv6": null,
            "enclave_options": [
              {
                "enabled": false
              }
            ],
            "ephemeral_block_device": [],
            "get_password_data": false,
            "hibernation": false,
            "host_id": "",
            "host_resource_group_arn": null,
            "iam_instance_profile": "",
            "id": "i-0aa962d9b466d6188",
            "instance_initiated_shutdown_behavior": "stop",
            "instance_lifecycle": "",
            "instance_market_options": [],
            "instance_state": "running",
            "instance_type": "t2.medium",
            "ipv6_address_count": 0,
            "ipv6_addresses": [],
            "key_name": "k8s-key",
            "launch_template": [],
            "maintenance_options": [
              {
                "auto_recovery": "default"
              }
            ],
            "metadata_options": [
              {
                "http_endpoint": "enabled",
                "http_protocol_ipv6": "disabled",
                "http_put_response_hop_limit": 1,
                "http_tokens": "optional",
                "instance_metadata_tags": "disabled"
              }
            ],
            "monitoring": false,
            "network_interface": [],
            "outpost_arn": "",
            "password_data": "",
            "placement_group": "",
            "placement_partition_number": 0,
            "primary_network_interface_id": "eni-0d4ec28e4850a4502",
            "private_dns": "ip-172-31-34-158.ap-northeast-1.compute.internal",
            "private_dns_name_options": [
              {
                "enable_resource_name_dns_a_record": false,
                "enable_resource_name_dns_aaaa_record": false,
                "hostname_type": "ip-name"
              }
            ],
            "private_ip": "172.31.34.158",
            "public_dns": "ec2-13-231-109-118.ap-northeast-1.compute.amazonaws.com",
            "public_ip": "13.231.109.118",
            "root_block_device": [
              {
                "delete_on_termination": true,
                "device_name": "/dev/sda1",
                "encrypted": false,
                "iops": 100,
                "kms_key_id": "",
                "tags": {},
                "tags_all": {},
                "throughput": 0,
                "volume_id": "vol-006b3977882904c9c",
                "volume_size": 8,
                "volume_type": "gp2"
              }
            ],
            "secondary_private_ips": [],
            "security_groups": [
              "k8s-sg"
            ],
            "source_dest_check": true,
            "spot_instance_request_id": "",
            "subnet_id": "subnet-0d34d5d4e3f36f0db",
            "tags": {
              "Name": "worker2"
            },
            "tags_all": {
              "Name": "worker2"
            },
            "tenancy": "default",
            "timeouts": null,
            "user_data": "5b31148e6f1132e10104ba94b5771385b257ccfd",
            "user_data_base64": null,
            "user_data_replace_on_change": false,
            "volume_tags": null,
            "vpc_security_group_ids": [
              "sg-06402ee46c42f8e96"
            ]
          },
          "sensitive_attributes": [],
          "private": "eyJlMmJmYjczMC1lY2FhLTExZTYtOGY4OC0zNDM2M2JjN2M0YzAiOnsiY3JlYXRlIjo2MDAwMDAwMDAwMDAsImRlbGV0ZSI6MTIwMDAwMDAwMDAwMCwicmVhZCI6OTAwMDAwMDAwMDAwLCJ1cGRhdGUiOjYwMDAwMDAwMDAwMH0sInNjaGVtYV92ZXJzaW9uIjoiMSJ9",
          "dependencies": [
            "tls_private_key.workstation_key"
          ]
        }
      ]
    },
    {
      "mode": "managed",
      "type": "aws_instance",
      "name": "workstation",
      "provider": "provider[\"registry.terraform.io/hashicorp/aws\"]",
      "instances": [
        {
          "schema_version": 1,
          "attributes": {
            "ami": "ami-0ac6b9b2908f3e20d",
            "arn": "arn:aws:ec2:ap-northeast-1:262293142070:instance/i-0be655dc80e809de6",
            "associate_public_ip_address": true,
            "availability_zone": "ap-northeast-1c",
            "capacity_reservation_specification": [
              {
                "capacity_reservation_preference": "open",
                "capacity_reservation_target": []
              }
            ],
            "cpu_core_count": 1,
            "cpu_options": [
              {
                "amd_sev_snp": "",
                "core_count": 1,
                "threads_per_core": 1
              }
            ],
            "cpu_threads_per_core": 1,
            "credit_specification": [
              {
                "cpu_credits": "standard"
              }
            ],
            "disable_api_stop": false,
            "disable_api_termination": false,
            "ebs_block_device": [],
            "ebs_optimized": false,
            "enable_primary_ipv6": null,
            "enclave_options": [
              {
                "enabled": false
              }
            ],
            "ephemeral_block_device": [],
            "get_password_data": false,
            "hibernation": false,
            "host_id": "",
            "host_resource_group_arn": null,
            "iam_instance_profile": "",
            "id": "i-0be655dc80e809de6",
            "instance_initiated_shutdown_behavior": "stop",
            "instance_lifecycle": "",
            "instance_market_options": [],
            "instance_state": "running",
            "instance_type": "t2.micro",
            "ipv6_address_count": 0,
            "ipv6_addresses": [],
            "key_name": "k8s-key",
            "launch_template": [],
            "maintenance_options": [
              {
                "auto_recovery": "default"
              }
            ],
            "metadata_options": [
              {
                "http_endpoint": "enabled",
                "http_protocol_ipv6": "disabled",
                "http_put_response_hop_limit": 1,
                "http_tokens": "optional",
                "instance_metadata_tags": "disabled"
              }
            ],
            "monitoring": false,
            "network_interface": [],
            "outpost_arn": "",
            "password_data": "",
            "placement_group": "",
            "placement_partition_number": 0,
            "primary_network_interface_id": "eni-045d84c2529090952",
            "private_dns": "ip-172-31-14-84.ap-northeast-1.compute.internal",
            "private_dns_name_options": [
              {
                "enable_resource_name_dns_a_record": false,
                "enable_resource_name_dns_aaaa_record": false,
                "hostname_type": "ip-name"
              }
            ],
            "private_ip": "172.31.14.84",
            "public_dns": "ec2-18-182-33-188.ap-northeast-1.compute.amazonaws.com",
            "public_ip": "18.182.33.188",
            "root_block_device": [
              {
                "delete_on_termination": true,
                "device_name": "/dev/sda1",
                "encrypted": false,
                "iops": 100,
                "kms_key_id": "",
                "tags": {},
                "tags_all": {},
                "throughput": 0,
                "volume_id": "vol-06db93479556c0594",
                "volume_size": 8,
                "volume_type": "gp2"
              }
            ],
            "secondary_private_ips": [],
            "security_groups": [
              "k8s-sg"
            ],
            "source_dest_check": true,
            "spot_instance_request_id": "",
            "subnet_id": "subnet-0786ec2acffaffa2c",
            "tags": {
              "Name": "workstation"
            },
            "tags_all": {
              "Name": "workstation"
            },
            "tenancy": "default",
            "timeouts": null,
            "user_data": "4c0f40fb0cc407d213725deed34395c274fe5002",
            "user_data_base64": null,
            "user_data_replace_on_change": false,
            "volume_tags": null,
            "vpc_security_group_ids": [
              "sg-06402ee46c42f8e96"
            ]
          },
          "sensitive_attributes": [
            [
              {
                "type": "get_attr",
                "value": "user_data"
              }
            ]
          ],
          "private": "eyJlMmJmYjczMC1lY2FhLTExZTYtOGY4OC0zNDM2M2JjN2M0YzAiOnsiY3JlYXRlIjo2MDAwMDAwMDAwMDAsImRlbGV0ZSI6MTIwMDAwMDAwMDAwMCwicmVhZCI6OTAwMDAwMDAwMDAwLCJ1cGRhdGUiOjYwMDAwMDAwMDAwMH0sInNjaGVtYV92ZXJzaW9uIjoiMSJ9",
          "dependencies": [
            "aws_instance.example",
            "tls_private_key.workstation_key"
          ]
        }
      ]
    },
    {
      "mode": "managed",
      "type": "tls_private_key",
      "name": "workstation_key",
      "provider": "provider[\"registry.terraform.io/hashicorp/tls\"]",
      "instances": [
        {
          "schema_version": 1,
          "attributes": {
            "algorithm": "RSA",
            "ecdsa_curve": "P224",
            "id": "6f542c94f12b0d3867ff2242bd1f7be39e108b29",
            "private_key_openssh": "-----BEGIN OPENSSH PRIVATE KEY-----\nb3BlbnNzaC1rZXktdjEAAAAABG5vbmUAAAAEbm9uZQAAAAAAAAABAAABFwAAAAdz\nc2gtcnNhAAAAAwEAAQAAAQEAu8yueIccYTfa6kF6J41lphhlhC1F1XOKGXmpSJY/\npuSr5j/VubVrJpgnGvDAyRkADPDvEBSZ3oDkzvGgRHFWxzHqYO5uiY0DFwurCR9B\nOYitlJlibCG2Ry1h/CppcwWDEQFQuF48L4frnrC49MMV/4muf6Bkikw4q7n6TnvA\nN5juybkM75IERhrESF+jTbANTXvMd74yU3Jmc4TePP4wYMlA7Wonug2hhDWP2mZB\nl9T77s+NB4Hx5NEy9DWg5/gG20bIS5ddLhEkKEiYrlDS0QPMYkStENqgU/mI5KZS\neNa66+km/ZZ73mcJoIXQe5Bfjt+yMSNHW1ULU9qTj6OBkQAAA7iIiiRLiIokSwAA\nAAdzc2gtcnNhAAABAQC7zK54hxxhN9rqQXonjWWmGGWELUXVc4oZealIlj+m5Kvm\nP9W5tWsmmCca8MDJGQAM8O8QFJnegOTO8aBEcVbHMepg7m6JjQMXC6sJH0E5iK2U\nmWJsIbZHLWH8KmlzBYMRAVC4Xjwvh+uesLj0wxX/ia5/oGSKTDirufpOe8A3mO7J\nuQzvkgRGGsRIX6NNsA1Ne8x3vjJTcmZzhN48/jBgyUDtaie6DaGENY/aZkGX1Pvu\nz40HgfHk0TL0NaDn+AbbRshLl10uESQoSJiuUNLRA8xiRK0Q2qBT+YjkplJ41rrr\n6Sb9lnveZwmghdB7kF+O37IxI0dbVQtT2pOPo4GRAAAAAwEAAQAAAQBAd1248CB0\n2viiC4IES8yF/L/0ZJohUL0qS5Ip4bHN95duvaD/U+CJaheabuSu448Z4icebQP4\n1mQ1CcrLU+DHFkJvrclyHF7gLVg0FG+OcXWsmg6oMdZhjpmhN2nlWxIH51yvPWIJ\nqu3eFqoXE1Tc2IV3ODbrJokZogjjoiV0r8sCWc8TCjo33YiqT3zVSaY2HRrVPqf2\nl5dV16oeI1SHoo3d7WKAgpWWZdm0jZObs4X3jJje9xABh/bCZ3Rh3rw7xfRo/p9h\nXtGWo0n/aX/Hi1iTM6oFGYXdIfXS8lwsBKTl6hCZ+xLnyXoXKRTbLSYlGZ7lA+Zu\nJl+jznIdXMxlAAAAgQCumRMbqE/ZHwsNAwcPO2V+0y2bjfRkSKVjPXV0rUp6u55n\nLKZ1q9dWHKRXKiZHhGwujgx41mMopaCc42FFrbkF4UcyYvADh+XXGXs30+MaeFHQ\nWNS9/1a/3MXq5r6HYsBTm1DcrgrcB/MsA5gpS3G7GLlg0X97/pN0zUHWHgNJ7QAA\nAIEAzS6jLhPQgjmsszhq9FCDs+kYZwYtvuN/JGSqTV0VrBjm7FKSByahk5BrFExi\n9lKT5iuN7SLe3WjuHhwpZxsAhz/1wO+GmL5XVL9MUAzieJ/LaGpP/u9BjxBZY72h\npc9W2XAf2qGcbwRLwEaE9cA2s+UzhFuQ4OwzzfjK5TIPibcAAACBAOpP6ncO5wLf\nXABtdS1KUcI1o3ZZaW3QJ+ZEh6glxaSZMC6R3PVkhAG+FkpSxOBzLfi40Ks+RcI9\nL/2jKm3J+QK/Tp0/j1uTiMEodHQF8znlt5wS2o0CQM9e3p4x7cz8g3pEWMkKrOZe\naMfqjXTw7IcwdoaV5UsQ+tNYGgaaT273AAAAAAEC\n-----END OPENSSH PRIVATE KEY-----\n",
            "private_key_pem": "-----BEGIN RSA PRIVATE KEY-----\nMIIEowIBAAKCAQEAu8yueIccYTfa6kF6J41lphhlhC1F1XOKGXmpSJY/puSr5j/V\nubVrJpgnGvDAyRkADPDvEBSZ3oDkzvGgRHFWxzHqYO5uiY0DFwurCR9BOYitlJli\nbCG2Ry1h/CppcwWDEQFQuF48L4frnrC49MMV/4muf6Bkikw4q7n6TnvAN5juybkM\n75IERhrESF+jTbANTXvMd74yU3Jmc4TePP4wYMlA7Wonug2hhDWP2mZBl9T77s+N\nB4Hx5NEy9DWg5/gG20bIS5ddLhEkKEiYrlDS0QPMYkStENqgU/mI5KZSeNa66+km\n/ZZ73mcJoIXQe5Bfjt+yMSNHW1ULU9qTj6OBkQIDAQABAoIBAEB3XbjwIHTa+KIL\nggRLzIX8v/RkmiFQvSpLkinhsc33l269oP9T4IlqF5pu5K7jjxniJx5tA/jWZDUJ\nystT4McWQm+tyXIcXuAtWDQUb45xdayaDqgx1mGOmaE3aeVbEgfnXK89Ygmq7d4W\nqhcTVNzYhXc4NusmiRmiCOOiJXSvywJZzxMKOjfdiKpPfNVJpjYdGtU+p/aXl1XX\nqh4jVIeijd3tYoCClZZl2bSNk5uzhfeMmN73EAGH9sJndGHevDvF9Gj+n2Fe0Zaj\nSf9pf8eLWJMzqgUZhd0h9dLyXCwEpOXqEJn7EufJehcpFNstJiUZnuUD5m4mX6PO\nch1czGUCgYEAzS6jLhPQgjmsszhq9FCDs+kYZwYtvuN/JGSqTV0VrBjm7FKSByah\nk5BrFExi9lKT5iuN7SLe3WjuHhwpZxsAhz/1wO+GmL5XVL9MUAzieJ/LaGpP/u9B\njxBZY72hpc9W2XAf2qGcbwRLwEaE9cA2s+UzhFuQ4OwzzfjK5TIPibcCgYEA6k/q\ndw7nAt9cAG11LUpRwjWjdllpbdAn5kSHqCXFpJkwLpHc9WSEAb4WSlLE4HMt+LjQ\nqz5Fwj0v/aMqbcn5Ar9OnT+PW5OIwSh0dAXzOeW3nBLajQJAz17enjHtzPyDekRY\nyQqs5l5ox+qNdPDshzB2hpXlSxD601gaBppPbvcCgYBwQRa3q9GEnac1eiVRuwcD\nFADsxH2clPxHXeeqYcXsnMch/d60mNcHU5ixx0TRPMZ7w9JnLY++lJzJzmB8b1Jv\nrHd4cdMyl9hRnkNS/Gme0tXHL3rKn/0/FxPAtMvOWkxKs8RJqeda+X+0FyDBDsMe\n0sPHowz1cWS6SGZA1I2ZqwKBgCkLRq8EVUMTjTIl+lispBW4/6FDmEw8IkEb0AeM\nVkq26tG9i08RBG6ptY3fYc1PX8Yp2aOljOKxhS6Q3mXM82mfyU2STLJl7ZaoV33b\nbPe/XaJhSxdYRbINlEFxzY4SzZUlU8gjrpXMA97BH3ZUnZowyxJYP4oet1E+JZDy\nhueRAoGBAK6ZExuoT9kfCw0DBw87ZX7TLZuN9GRIpWM9dXStSnq7nmcspnWr11Yc\npFcqJkeEbC6ODHjWYyiloJzjYUWtuQXhRzJi8AOH5dcZezfT4xp4UdBY1L3/Vr/c\nxermvodiwFObUNyuCtwH8ywDmClLcbsYuWDRf3v+k3TNQdYeA0nt\n-----END RSA PRIVATE KEY-----\n",
            "private_key_pem_pkcs8": "-----BEGIN PRIVATE KEY-----\nMIIEvQIBADANBgkqhkiG9w0BAQEFAASCBKcwggSjAgEAAoIBAQC7zK54hxxhN9rq\nQXonjWWmGGWELUXVc4oZealIlj+m5KvmP9W5tWsmmCca8MDJGQAM8O8QFJnegOTO\n8aBEcVbHMepg7m6JjQMXC6sJH0E5iK2UmWJsIbZHLWH8KmlzBYMRAVC4Xjwvh+ue\nsLj0wxX/ia5/oGSKTDirufpOe8A3mO7JuQzvkgRGGsRIX6NNsA1Ne8x3vjJTcmZz\nhN48/jBgyUDtaie6DaGENY/aZkGX1Pvuz40HgfHk0TL0NaDn+AbbRshLl10uESQo\nSJiuUNLRA8xiRK0Q2qBT+YjkplJ41rrr6Sb9lnveZwmghdB7kF+O37IxI0dbVQtT\n2pOPo4GRAgMBAAECggEAQHdduPAgdNr4oguCBEvMhfy/9GSaIVC9KkuSKeGxzfeX\nbr2g/1PgiWoXmm7kruOPGeInHm0D+NZkNQnKy1PgxxZCb63Jchxe4C1YNBRvjnF1\nrJoOqDHWYY6ZoTdp5VsSB+dcrz1iCart3haqFxNU3NiFdzg26yaJGaII46IldK/L\nAlnPEwo6N92Iqk981UmmNh0a1T6n9peXVdeqHiNUh6KN3e1igIKVlmXZtI2Tm7OF\n94yY3vcQAYf2wmd0Yd68O8X0aP6fYV7RlqNJ/2l/x4tYkzOqBRmF3SH10vJcLASk\n5eoQmfsS58l6FykU2y0mJRme5QPmbiZfo85yHVzMZQKBgQDNLqMuE9CCOayzOGr0\nUIOz6RhnBi2+438kZKpNXRWsGObsUpIHJqGTkGsUTGL2UpPmK43tIt7daO4eHCln\nGwCHP/XA74aYvldUv0xQDOJ4n8toak/+70GPEFljvaGlz1bZcB/aoZxvBEvARoT1\nwDaz5TOEW5Dg7DPN+MrlMg+JtwKBgQDqT+p3DucC31wAbXUtSlHCNaN2WWlt0Cfm\nRIeoJcWkmTAukdz1ZIQBvhZKUsTgcy34uNCrPkXCPS/9oyptyfkCv06dP49bk4jB\nKHR0BfM55becEtqNAkDPXt6eMe3M/IN6RFjJCqzmXmjH6o108OyHMHaGleVLEPrT\nWBoGmk9u9wKBgHBBFrer0YSdpzV6JVG7BwMUAOzEfZyU/Edd56phxeycxyH93rSY\n1wdTmLHHRNE8xnvD0mctj76UnMnOYHxvUm+sd3hx0zKX2FGeQ1L8aZ7S1ccvesqf\n/T8XE8C0y85aTEqzxEmp51r5f7QXIMEOwx7Sw8ejDPVxZLpIZkDUjZmrAoGAKQtG\nrwRVQxONMiX6WKykFbj/oUOYTDwiQRvQB4xWSrbq0b2LTxEEbqm1jd9hzU9fxinZ\no6WM4rGFLpDeZczzaZ/JTZJMsmXtlqhXfdts979domFLF1hFsg2UQXHNjhLNlSVT\nyCOulcwD3sEfdlSdmjDLElg/ih63UT4lkPKG55ECgYEArpkTG6hP2R8LDQMHDztl\nftMtm430ZEilYz11dK1KerueZyymdavXVhykVyomR4RsLo4MeNZjKKWgnONhRa25\nBeFHMmLwA4fl1xl7N9PjGnhR0FjUvf9Wv9zF6ua+h2LAU5tQ3K4K3AfzLAOYKUtx\nuxi5YNF/e/6TdM1B1h4DSe0=\n-----END PRIVATE KEY-----\n",
            "public_key_fingerprint_md5": "0c:3a:87:2d:79:07:09:75:24:90:93:f2:6f:51:8d:ad",
            "public_key_fingerprint_sha256": "SHA256:mcNrsWTI6ZM6sZp4dj/IUw7yZyzTaEBSHeJ/EyUIWOc",
            "public_key_openssh": "ssh-rsa AAAAB3NzaC1yc2EAAAADAQABAAABAQC7zK54hxxhN9rqQXonjWWmGGWELUXVc4oZealIlj+m5KvmP9W5tWsmmCca8MDJGQAM8O8QFJnegOTO8aBEcVbHMepg7m6JjQMXC6sJH0E5iK2UmWJsIbZHLWH8KmlzBYMRAVC4Xjwvh+uesLj0wxX/ia5/oGSKTDirufpOe8A3mO7JuQzvkgRGGsRIX6NNsA1Ne8x3vjJTcmZzhN48/jBgyUDtaie6DaGENY/aZkGX1Pvuz40HgfHk0TL0NaDn+AbbRshLl10uESQoSJiuUNLRA8xiRK0Q2qBT+YjkplJ41rrr6Sb9lnveZwmghdB7kF+O37IxI0dbVQtT2pOPo4GR\n",
            "public_key_pem": "-----BEGIN PUBLIC KEY-----\nMIIBIjANBgkqhkiG9w0BAQEFAAOCAQ8AMIIBCgKCAQEAu8yueIccYTfa6kF6J41l\nphhlhC1F1XOKGXmpSJY/puSr5j/VubVrJpgnGvDAyRkADPDvEBSZ3oDkzvGgRHFW\nxzHqYO5uiY0DFwurCR9BOYitlJlibCG2Ry1h/CppcwWDEQFQuF48L4frnrC49MMV\n/4muf6Bkikw4q7n6TnvAN5juybkM75IERhrESF+jTbANTXvMd74yU3Jmc4TePP4w\nYMlA7Wonug2hhDWP2mZBl9T77s+NB4Hx5NEy9DWg5/gG20bIS5ddLhEkKEiYrlDS\n0QPMYkStENqgU/mI5KZSeNa66+km/ZZ73mcJoIXQe5Bfjt+yMSNHW1ULU9qTj6OB\nkQIDAQAB\n-----END PUBLIC KEY-----\n",
            "rsa_bits": 2048
          },
          "sensitive_attributes": [
            [
              {
                "type": "get_attr",
                "value": "private_key_openssh"
              }
            ],
            [
              {
                "type": "get_attr",
                "value": "private_key_pem_pkcs8"
              }
            ],
            [
              {
                "type": "get_attr",
                "value": "private_key_pem"
              }
            ]
          ]
        }
      ]
    }
  ],
  "check_results": null
}
