{
  "version": 4,
  "terraform_version": "1.10.3",
  "serial": 248,
  "lineage": "6898dcc9-04de-a7e9-1f26-a7f0f38ab5e6",
  "outputs": {
    "workstation_private_key": {
      "value": "-----BEGIN RSA PRIVATE KEY-----\nMIIEowIBAAKCAQEAtbHtJ+r0jVePoUbs4nzOMpjvlSfPjNsMxvyxah44ZCC4Y/xU\nY260H5YWmL8OaHhpr75PcBcFojbtEvwDjH3QFO4vXt5xaU8nQzIzyy16D+SziaNd\nXLkPvjqjHSKPpcqSus3ON/2jStqXQMqcHq81aykhnWj9jI9t08OkUSlHcC0QMHCs\nhqnD9VMr1KO3sMy2kqgx3S4A4S7JBiYn8OS9LQkM/epBo53yJA+JCCzKGpYcnOk+\na2dmNhbJJwx/AaYttNDAH3MXdIRPrRnfovWFyy+Unutxvb96Z37U8eOHPFqv7erv\nYmUEEHGN40f3EbEMkDKSFhaX5OUKuKs4kb46SwIDAQABAoIBACPM0A6qc88Zrpo3\ncFtb/gDoM2SvOGzniEf46DghhjjsXYiN4k7JNEJ4/zDPjFY3S5OuKtbKInkI24N/\nFm/rJkHJgJnvuGboirLpxFzHNCLHjDyVbMLlT93KjfMiqS0gkfKutHBB0JfiJCVH\nBqXhHeRkcVQjqLm2VQyBovG+8W1/jpAeGjeHOkzpfoQ8c6mZccGwphj6OJzbvh7f\noB3dYETzuJ9Uj6qhRRZloDGOuE5VkhVsQbF3mF76Pz5BS2Aqe2HssNk5gxmxX5xD\nqsaNhzSM7EgYFmwcRm3KUnoVihW8GPBEFLUGHpgWH8p/L6ZevF9k54wdxYgXHmNc\nSJFqX/kCgYEA2Q82IyjJ2Ixgx4Vhcy8bOKQ5Lk3NPjhoWIp5rndfkP1jabloZoH1\nWEavJYAuTCQsHyHU7iLihR9IGZxxOARSQmhgKl8cBj9EBzY7+iwyhxjpImPxM2HB\nV3f1O9+0k3bK3F+rrelaRxFcnwwHUhIxCY4lBqrtjjSe9HfCULyb76UCgYEA1kqM\n8UHGHF/4XtffmcXZeMtGonb3k8B1fpECrHmCrAfq/nYlNsI+AfjrSm3d0rusz9gD\nGmydWLOha7/2+aSnSsmX7Bc+5OUmFpeDVcSg0klwKUs/GvfDe8UoF+c467y3XSdV\n0S6aQkaThJYgvkONM1GlDFwga8P3h+aS5/9DXy8CgYEAuO7R5EDTQHHR3wxQC9Ad\ntDOPGFlnPdTXamCI7dF9Fc4dji1Ous+M1mpavWuphmvnP5sWjNIiBuOxDUkR2XUt\nFLFTBabE/LmYX0Cg9zQC1MGvmAJotatbDAgDY8DkXCOBESNd5S2FIjmznTqlXhJr\nv0VhXH3zKg7BQ25pm1omzZUCgYBKCMOc7m51iyqSCd70j4hM1V3370Ylw85UBeF4\nmRpuOOYVN9gvjPhDUi5oLoD+t1xDCow36uKJrLXONioroZkym2djZ7yQ9CIul/YG\nAcLWJA0eFyMcPBFLh5gMehQOTcrD4j0h4gnlb+CzY/K4CTqVSlXNaV7CHJg+WYjT\nojsyfQKBgHzGTVyTjkhZhMbTjx14L3LnyUYUdq3dsOZTFSrxFnp4vq5K5Fd+zKZk\ncn2chezkoIioDptALmkxLPpCwC9uYwqoETCqr1Dwh18s92Q2eRZHJYOSYAphoBMU\nKbSkiUeQt5zPqf6o+LZIJREnnlFTmz6LW3Va7RErPvEJUtq7mSe0\n-----END RSA PRIVATE KEY-----\n",
      "type": "string",
      "sensitive": true
    },
    "workstation_public_key": {
      "value": "ssh-rsa AAAAB3NzaC1yc2EAAAADAQABAAABAQC1se0n6vSNV4+hRuzifM4ymO+VJ8+M2wzG/LFqHjhkILhj/FRjbrQflhaYvw5oeGmvvk9wFwWiNu0S/AOMfdAU7i9e3nFpTydDMjPLLXoP5LOJo11cuQ++OqMdIo+lypK6zc43/aNK2pdAypwerzVrKSGdaP2Mj23Tw6RRKUdwLRAwcKyGqcP1UyvUo7ewzLaSqDHdLgDhLskGJifw5L0tCQz96kGjnfIkD4kILMoalhyc6T5rZ2Y2FsknDH8Bpi200MAfcxd0hE+tGd+i9YXLL5Se63G9v3pnftTx44c8Wq/t6u9iZQQQcY3jR/cRsQyQMpIWFpfk5Qq4qziRvjpL\n",
      "type": "string"
    }
  },
  "resources": [
    {
      "mode": "managed",
      "type": "aws_instance",
      "name": "example",
      "provider": "provider[\"registry.terraform.io/hashicorp/aws\"]",
      "instances": [
        {
          "index_key": "cp1",
          "schema_version": 1,
          "attributes": {
            "ami": "ami-0ac6b9b2908f3e20d",
            "arn": "arn:aws:ec2:ap-northeast-1:262293142070:instance/i-0a7f93ccb2301408c",
            "associate_public_ip_address": true,
            "availability_zone": "ap-northeast-1a",
            "capacity_reservation_specification": [
              {
                "capacity_reservation_preference": "open",
                "capacity_reservation_target": []
              }
            ],
            "cpu_core_count": 2,
            "cpu_options": [
              {
                "amd_sev_snp": "",
                "core_count": 2,
                "threads_per_core": 1
              }
            ],
            "cpu_threads_per_core": 1,
            "credit_specification": [
              {
                "cpu_credits": "standard"
              }
            ],
            "disable_api_stop": false,
            "disable_api_termination": false,
            "ebs_block_device": [],
            "ebs_optimized": false,
            "enable_primary_ipv6": null,
            "enclave_options": [
              {
                "enabled": false
              }
            ],
            "ephemeral_block_device": [],
            "get_password_data": false,
            "hibernation": false,
            "host_id": "",
            "host_resource_group_arn": null,
            "iam_instance_profile": "",
            "id": "i-0a7f93ccb2301408c",
            "instance_initiated_shutdown_behavior": "stop",
            "instance_lifecycle": "",
            "instance_market_options": [],
            "instance_state": "running",
            "instance_type": "t2.medium",
            "ipv6_address_count": 0,
            "ipv6_addresses": [],
            "key_name": "k8s-key",
            "launch_template": [],
            "maintenance_options": [
              {
                "auto_recovery": "default"
              }
            ],
            "metadata_options": [
              {
                "http_endpoint": "enabled",
                "http_protocol_ipv6": "disabled",
                "http_put_response_hop_limit": 1,
                "http_tokens": "optional",
                "instance_metadata_tags": "disabled"
              }
            ],
            "monitoring": false,
            "network_interface": [],
            "outpost_arn": "",
            "password_data": "",
            "placement_group": "",
            "placement_partition_number": 0,
            "primary_network_interface_id": "eni-013d6337d29ea5911",
            "private_dns": "ip-172-31-37-87.ap-northeast-1.compute.internal",
            "private_dns_name_options": [
              {
                "enable_resource_name_dns_a_record": false,
                "enable_resource_name_dns_aaaa_record": false,
                "hostname_type": "ip-name"
              }
            ],
            "private_ip": "172.31.37.87",
            "public_dns": "ec2-43-206-210-131.ap-northeast-1.compute.amazonaws.com",
            "public_ip": "43.206.210.131",
            "root_block_device": [
              {
                "delete_on_termination": true,
                "device_name": "/dev/sda1",
                "encrypted": false,
                "iops": 100,
                "kms_key_id": "",
                "tags": {},
                "tags_all": {},
                "throughput": 0,
                "volume_id": "vol-012265477c4c7f368",
                "volume_size": 8,
                "volume_type": "gp2"
              }
            ],
            "secondary_private_ips": [],
            "security_groups": [
              "k8s-sg"
            ],
            "source_dest_check": true,
            "spot_instance_request_id": "",
            "subnet_id": "subnet-0d34d5d4e3f36f0db",
            "tags": {
              "Name": "cp1"
            },
            "tags_all": {
              "Name": "cp1"
            },
            "tenancy": "default",
            "timeouts": null,
            "user_data": "f2b51d8ba135a542216039663f71eb614ce23404",
            "user_data_base64": null,
            "user_data_replace_on_change": false,
            "volume_tags": null,
            "vpc_security_group_ids": [
              "sg-06402ee46c42f8e96"
            ]
          },
          "sensitive_attributes": [],
          "private": "eyJlMmJmYjczMC1lY2FhLTExZTYtOGY4OC0zNDM2M2JjN2M0YzAiOnsiY3JlYXRlIjo2MDAwMDAwMDAwMDAsImRlbGV0ZSI6MTIwMDAwMDAwMDAwMCwicmVhZCI6OTAwMDAwMDAwMDAwLCJ1cGRhdGUiOjYwMDAwMDAwMDAwMH0sInNjaGVtYV92ZXJzaW9uIjoiMSJ9",
          "dependencies": [
            "tls_private_key.workstation_key"
          ]
        },
        {
          "index_key": "cp2",
          "schema_version": 1,
          "attributes": {
            "ami": "ami-0ac6b9b2908f3e20d",
            "arn": "arn:aws:ec2:ap-northeast-1:262293142070:instance/i-049fb4281ddc5058c",
            "associate_public_ip_address": true,
            "availability_zone": "ap-northeast-1a",
            "capacity_reservation_specification": [
              {
                "capacity_reservation_preference": "open",
                "capacity_reservation_target": []
              }
            ],
            "cpu_core_count": 2,
            "cpu_options": [
              {
                "amd_sev_snp": "",
                "core_count": 2,
                "threads_per_core": 1
              }
            ],
            "cpu_threads_per_core": 1,
            "credit_specification": [
              {
                "cpu_credits": "standard"
              }
            ],
            "disable_api_stop": false,
            "disable_api_termination": false,
            "ebs_block_device": [],
            "ebs_optimized": false,
            "enable_primary_ipv6": null,
            "enclave_options": [
              {
                "enabled": false
              }
            ],
            "ephemeral_block_device": [],
            "get_password_data": false,
            "hibernation": false,
            "host_id": "",
            "host_resource_group_arn": null,
            "iam_instance_profile": "",
            "id": "i-049fb4281ddc5058c",
            "instance_initiated_shutdown_behavior": "stop",
            "instance_lifecycle": "",
            "instance_market_options": [],
            "instance_state": "running",
            "instance_type": "t2.medium",
            "ipv6_address_count": 0,
            "ipv6_addresses": [],
            "key_name": "k8s-key",
            "launch_template": [],
            "maintenance_options": [
              {
                "auto_recovery": "default"
              }
            ],
            "metadata_options": [
              {
                "http_endpoint": "enabled",
                "http_protocol_ipv6": "disabled",
                "http_put_response_hop_limit": 1,
                "http_tokens": "optional",
                "instance_metadata_tags": "disabled"
              }
            ],
            "monitoring": false,
            "network_interface": [],
            "outpost_arn": "",
            "password_data": "",
            "placement_group": "",
            "placement_partition_number": 0,
            "primary_network_interface_id": "eni-0ef5bbafdc1baf0fe",
            "private_dns": "ip-172-31-37-18.ap-northeast-1.compute.internal",
            "private_dns_name_options": [
              {
                "enable_resource_name_dns_a_record": false,
                "enable_resource_name_dns_aaaa_record": false,
                "hostname_type": "ip-name"
              }
            ],
            "private_ip": "172.31.37.18",
            "public_dns": "ec2-18-179-30-125.ap-northeast-1.compute.amazonaws.com",
            "public_ip": "18.179.30.125",
            "root_block_device": [
              {
                "delete_on_termination": true,
                "device_name": "/dev/sda1",
                "encrypted": false,
                "iops": 100,
                "kms_key_id": "",
                "tags": {},
                "tags_all": {},
                "throughput": 0,
                "volume_id": "vol-01d20ff0512f97a21",
                "volume_size": 8,
                "volume_type": "gp2"
              }
            ],
            "secondary_private_ips": [],
            "security_groups": [
              "k8s-sg"
            ],
            "source_dest_check": true,
            "spot_instance_request_id": "",
            "subnet_id": "subnet-0d34d5d4e3f36f0db",
            "tags": {
              "Name": "cp2"
            },
            "tags_all": {
              "Name": "cp2"
            },
            "tenancy": "default",
            "timeouts": null,
            "user_data": "0df584f12d2e0ead523afefc3cd921ad0285b86b",
            "user_data_base64": null,
            "user_data_replace_on_change": false,
            "volume_tags": null,
            "vpc_security_group_ids": [
              "sg-06402ee46c42f8e96"
            ]
          },
          "sensitive_attributes": [],
          "private": "eyJlMmJmYjczMC1lY2FhLTExZTYtOGY4OC0zNDM2M2JjN2M0YzAiOnsiY3JlYXRlIjo2MDAwMDAwMDAwMDAsImRlbGV0ZSI6MTIwMDAwMDAwMDAwMCwicmVhZCI6OTAwMDAwMDAwMDAwLCJ1cGRhdGUiOjYwMDAwMDAwMDAwMH0sInNjaGVtYV92ZXJzaW9uIjoiMSJ9",
          "dependencies": [
            "tls_private_key.workstation_key"
          ]
        },
        {
          "index_key": "cp3",
          "schema_version": 1,
          "attributes": {
            "ami": "ami-0ac6b9b2908f3e20d",
            "arn": "arn:aws:ec2:ap-northeast-1:262293142070:instance/i-02a6ac9c38cc742d1",
            "associate_public_ip_address": true,
            "availability_zone": "ap-northeast-1a",
            "capacity_reservation_specification": [
              {
                "capacity_reservation_preference": "open",
                "capacity_reservation_target": []
              }
            ],
            "cpu_core_count": 2,
            "cpu_options": [
              {
                "amd_sev_snp": "",
                "core_count": 2,
                "threads_per_core": 1
              }
            ],
            "cpu_threads_per_core": 1,
            "credit_specification": [
              {
                "cpu_credits": "standard"
              }
            ],
            "disable_api_stop": false,
            "disable_api_termination": false,
            "ebs_block_device": [],
            "ebs_optimized": false,
            "enable_primary_ipv6": null,
            "enclave_options": [
              {
                "enabled": false
              }
            ],
            "ephemeral_block_device": [],
            "get_password_data": false,
            "hibernation": false,
            "host_id": "",
            "host_resource_group_arn": null,
            "iam_instance_profile": "",
            "id": "i-02a6ac9c38cc742d1",
            "instance_initiated_shutdown_behavior": "stop",
            "instance_lifecycle": "",
            "instance_market_options": [],
            "instance_state": "running",
            "instance_type": "t2.medium",
            "ipv6_address_count": 0,
            "ipv6_addresses": [],
            "key_name": "k8s-key",
            "launch_template": [],
            "maintenance_options": [
              {
                "auto_recovery": "default"
              }
            ],
            "metadata_options": [
              {
                "http_endpoint": "enabled",
                "http_protocol_ipv6": "disabled",
                "http_put_response_hop_limit": 1,
                "http_tokens": "optional",
                "instance_metadata_tags": "disabled"
              }
            ],
            "monitoring": false,
            "network_interface": [],
            "outpost_arn": "",
            "password_data": "",
            "placement_group": "",
            "placement_partition_number": 0,
            "primary_network_interface_id": "eni-0f1caa082788b2dfe",
            "private_dns": "ip-172-31-35-255.ap-northeast-1.compute.internal",
            "private_dns_name_options": [
              {
                "enable_resource_name_dns_a_record": false,
                "enable_resource_name_dns_aaaa_record": false,
                "hostname_type": "ip-name"
              }
            ],
            "private_ip": "172.31.35.255",
            "public_dns": "ec2-52-69-33-202.ap-northeast-1.compute.amazonaws.com",
            "public_ip": "52.69.33.202",
            "root_block_device": [
              {
                "delete_on_termination": true,
                "device_name": "/dev/sda1",
                "encrypted": false,
                "iops": 100,
                "kms_key_id": "",
                "tags": {},
                "tags_all": {},
                "throughput": 0,
                "volume_id": "vol-0032b4525ce06baac",
                "volume_size": 8,
                "volume_type": "gp2"
              }
            ],
            "secondary_private_ips": [],
            "security_groups": [
              "k8s-sg"
            ],
            "source_dest_check": true,
            "spot_instance_request_id": "",
            "subnet_id": "subnet-0d34d5d4e3f36f0db",
            "tags": {
              "Name": "cp3"
            },
            "tags_all": {
              "Name": "cp3"
            },
            "tenancy": "default",
            "timeouts": null,
            "user_data": "3619284b3b307fbb8fc8f989d1158ea4f60a8a5d",
            "user_data_base64": null,
            "user_data_replace_on_change": false,
            "volume_tags": null,
            "vpc_security_group_ids": [
              "sg-06402ee46c42f8e96"
            ]
          },
          "sensitive_attributes": [],
          "private": "eyJlMmJmYjczMC1lY2FhLTExZTYtOGY4OC0zNDM2M2JjN2M0YzAiOnsiY3JlYXRlIjo2MDAwMDAwMDAwMDAsImRlbGV0ZSI6MTIwMDAwMDAwMDAwMCwicmVhZCI6OTAwMDAwMDAwMDAwLCJ1cGRhdGUiOjYwMDAwMDAwMDAwMH0sInNjaGVtYV92ZXJzaW9uIjoiMSJ9",
          "dependencies": [
            "tls_private_key.workstation_key"
          ]
        },
        {
          "index_key": "worker1",
          "schema_version": 1,
          "attributes": {
            "ami": "ami-0ac6b9b2908f3e20d",
            "arn": "arn:aws:ec2:ap-northeast-1:262293142070:instance/i-064e28356142aa851",
            "associate_public_ip_address": true,
            "availability_zone": "ap-northeast-1a",
            "capacity_reservation_specification": [
              {
                "capacity_reservation_preference": "open",
                "capacity_reservation_target": []
              }
            ],
            "cpu_core_count": 2,
            "cpu_options": [
              {
                "amd_sev_snp": "",
                "core_count": 2,
                "threads_per_core": 1
              }
            ],
            "cpu_threads_per_core": 1,
            "credit_specification": [
              {
                "cpu_credits": "standard"
              }
            ],
            "disable_api_stop": false,
            "disable_api_termination": false,
            "ebs_block_device": [],
            "ebs_optimized": false,
            "enable_primary_ipv6": null,
            "enclave_options": [
              {
                "enabled": false
              }
            ],
            "ephemeral_block_device": [],
            "get_password_data": false,
            "hibernation": false,
            "host_id": "",
            "host_resource_group_arn": null,
            "iam_instance_profile": "",
            "id": "i-064e28356142aa851",
            "instance_initiated_shutdown_behavior": "stop",
            "instance_lifecycle": "",
            "instance_market_options": [],
            "instance_state": "running",
            "instance_type": "t2.medium",
            "ipv6_address_count": 0,
            "ipv6_addresses": [],
            "key_name": "k8s-key",
            "launch_template": [],
            "maintenance_options": [
              {
                "auto_recovery": "default"
              }
            ],
            "metadata_options": [
              {
                "http_endpoint": "enabled",
                "http_protocol_ipv6": "disabled",
                "http_put_response_hop_limit": 1,
                "http_tokens": "optional",
                "instance_metadata_tags": "disabled"
              }
            ],
            "monitoring": false,
            "network_interface": [],
            "outpost_arn": "",
            "password_data": "",
            "placement_group": "",
            "placement_partition_number": 0,
            "primary_network_interface_id": "eni-0658af1dc818adadf",
            "private_dns": "ip-172-31-32-69.ap-northeast-1.compute.internal",
            "private_dns_name_options": [
              {
                "enable_resource_name_dns_a_record": false,
                "enable_resource_name_dns_aaaa_record": false,
                "hostname_type": "ip-name"
              }
            ],
            "private_ip": "172.31.32.69",
            "public_dns": "ec2-18-183-147-211.ap-northeast-1.compute.amazonaws.com",
            "public_ip": "18.183.147.211",
            "root_block_device": [
              {
                "delete_on_termination": true,
                "device_name": "/dev/sda1",
                "encrypted": false,
                "iops": 100,
                "kms_key_id": "",
                "tags": {},
                "tags_all": {},
                "throughput": 0,
                "volume_id": "vol-046e4b79d84271a54",
                "volume_size": 8,
                "volume_type": "gp2"
              }
            ],
            "secondary_private_ips": [],
            "security_groups": [
              "k8s-sg"
            ],
            "source_dest_check": true,
            "spot_instance_request_id": "",
            "subnet_id": "subnet-0d34d5d4e3f36f0db",
            "tags": {
              "Name": "worker1"
            },
            "tags_all": {
              "Name": "worker1"
            },
            "tenancy": "default",
            "timeouts": null,
            "user_data": "49b9ddd5c3a5d1c7e00b3fee985643b41beb5906",
            "user_data_base64": null,
            "user_data_replace_on_change": false,
            "volume_tags": null,
            "vpc_security_group_ids": [
              "sg-06402ee46c42f8e96"
            ]
          },
          "sensitive_attributes": [],
          "private": "eyJlMmJmYjczMC1lY2FhLTExZTYtOGY4OC0zNDM2M2JjN2M0YzAiOnsiY3JlYXRlIjo2MDAwMDAwMDAwMDAsImRlbGV0ZSI6MTIwMDAwMDAwMDAwMCwicmVhZCI6OTAwMDAwMDAwMDAwLCJ1cGRhdGUiOjYwMDAwMDAwMDAwMH0sInNjaGVtYV92ZXJzaW9uIjoiMSJ9",
          "dependencies": [
            "tls_private_key.workstation_key"
          ]
        },
        {
          "index_key": "worker2",
          "schema_version": 1,
          "attributes": {
            "ami": "ami-0ac6b9b2908f3e20d",
            "arn": "arn:aws:ec2:ap-northeast-1:262293142070:instance/i-0b59a58fc27de6f14",
            "associate_public_ip_address": true,
            "availability_zone": "ap-northeast-1a",
            "capacity_reservation_specification": [
              {
                "capacity_reservation_preference": "open",
                "capacity_reservation_target": []
              }
            ],
            "cpu_core_count": 2,
            "cpu_options": [
              {
                "amd_sev_snp": "",
                "core_count": 2,
                "threads_per_core": 1
              }
            ],
            "cpu_threads_per_core": 1,
            "credit_specification": [
              {
                "cpu_credits": "standard"
              }
            ],
            "disable_api_stop": false,
            "disable_api_termination": false,
            "ebs_block_device": [],
            "ebs_optimized": false,
            "enable_primary_ipv6": null,
            "enclave_options": [
              {
                "enabled": false
              }
            ],
            "ephemeral_block_device": [],
            "get_password_data": false,
            "hibernation": false,
            "host_id": "",
            "host_resource_group_arn": null,
            "iam_instance_profile": "",
            "id": "i-0b59a58fc27de6f14",
            "instance_initiated_shutdown_behavior": "stop",
            "instance_lifecycle": "",
            "instance_market_options": [],
            "instance_state": "running",
            "instance_type": "t2.medium",
            "ipv6_address_count": 0,
            "ipv6_addresses": [],
            "key_name": "k8s-key",
            "launch_template": [],
            "maintenance_options": [
              {
                "auto_recovery": "default"
              }
            ],
            "metadata_options": [
              {
                "http_endpoint": "enabled",
                "http_protocol_ipv6": "disabled",
                "http_put_response_hop_limit": 1,
                "http_tokens": "optional",
                "instance_metadata_tags": "disabled"
              }
            ],
            "monitoring": false,
            "network_interface": [],
            "outpost_arn": "",
            "password_data": "",
            "placement_group": "",
            "placement_partition_number": 0,
            "primary_network_interface_id": "eni-0e39dbaebacd8df02",
            "private_dns": "ip-172-31-33-141.ap-northeast-1.compute.internal",
            "private_dns_name_options": [
              {
                "enable_resource_name_dns_a_record": false,
                "enable_resource_name_dns_aaaa_record": false,
                "hostname_type": "ip-name"
              }
            ],
            "private_ip": "172.31.33.141",
            "public_dns": "ec2-54-199-44-19.ap-northeast-1.compute.amazonaws.com",
            "public_ip": "54.199.44.19",
            "root_block_device": [
              {
                "delete_on_termination": true,
                "device_name": "/dev/sda1",
                "encrypted": false,
                "iops": 100,
                "kms_key_id": "",
                "tags": {},
                "tags_all": {},
                "throughput": 0,
                "volume_id": "vol-0b1fbedd46c5443db",
                "volume_size": 8,
                "volume_type": "gp2"
              }
            ],
            "secondary_private_ips": [],
            "security_groups": [
              "k8s-sg"
            ],
            "source_dest_check": true,
            "spot_instance_request_id": "",
            "subnet_id": "subnet-0d34d5d4e3f36f0db",
            "tags": {
              "Name": "worker2"
            },
            "tags_all": {
              "Name": "worker2"
            },
            "tenancy": "default",
            "timeouts": null,
            "user_data": "14ba016fc5c5bfda44380222c2cf98c9812fdbfc",
            "user_data_base64": null,
            "user_data_replace_on_change": false,
            "volume_tags": null,
            "vpc_security_group_ids": [
              "sg-06402ee46c42f8e96"
            ]
          },
          "sensitive_attributes": [],
          "private": "eyJlMmJmYjczMC1lY2FhLTExZTYtOGY4OC0zNDM2M2JjN2M0YzAiOnsiY3JlYXRlIjo2MDAwMDAwMDAwMDAsImRlbGV0ZSI6MTIwMDAwMDAwMDAwMCwicmVhZCI6OTAwMDAwMDAwMDAwLCJ1cGRhdGUiOjYwMDAwMDAwMDAwMH0sInNjaGVtYV92ZXJzaW9uIjoiMSJ9",
          "dependencies": [
            "tls_private_key.workstation_key"
          ]
        }
      ]
    },
    {
      "mode": "managed",
      "type": "aws_instance",
      "name": "workstation",
      "provider": "provider[\"registry.terraform.io/hashicorp/aws\"]",
      "instances": [
        {
          "schema_version": 1,
          "attributes": {
            "ami": "ami-0ac6b9b2908f3e20d",
            "arn": "arn:aws:ec2:ap-northeast-1:262293142070:instance/i-075318181a46e5d73",
            "associate_public_ip_address": true,
            "availability_zone": "ap-northeast-1c",
            "capacity_reservation_specification": [
              {
                "capacity_reservation_preference": "open",
                "capacity_reservation_target": []
              }
            ],
            "cpu_core_count": 1,
            "cpu_options": [
              {
                "amd_sev_snp": "",
                "core_count": 1,
                "threads_per_core": 1
              }
            ],
            "cpu_threads_per_core": 1,
            "credit_specification": [
              {
                "cpu_credits": "standard"
              }
            ],
            "disable_api_stop": false,
            "disable_api_termination": false,
            "ebs_block_device": [],
            "ebs_optimized": false,
            "enable_primary_ipv6": null,
            "enclave_options": [
              {
                "enabled": false
              }
            ],
            "ephemeral_block_device": [],
            "get_password_data": false,
            "hibernation": false,
            "host_id": "",
            "host_resource_group_arn": null,
            "iam_instance_profile": "",
            "id": "i-075318181a46e5d73",
            "instance_initiated_shutdown_behavior": "stop",
            "instance_lifecycle": "",
            "instance_market_options": [],
            "instance_state": "running",
            "instance_type": "t2.micro",
            "ipv6_address_count": 0,
            "ipv6_addresses": [],
            "key_name": "k8s-key",
            "launch_template": [],
            "maintenance_options": [
              {
                "auto_recovery": "default"
              }
            ],
            "metadata_options": [
              {
                "http_endpoint": "enabled",
                "http_protocol_ipv6": "disabled",
                "http_put_response_hop_limit": 1,
                "http_tokens": "optional",
                "instance_metadata_tags": "disabled"
              }
            ],
            "monitoring": false,
            "network_interface": [],
            "outpost_arn": "",
            "password_data": "",
            "placement_group": "",
            "placement_partition_number": 0,
            "primary_network_interface_id": "eni-0f2f381bf223652a8",
            "private_dns": "ip-172-31-6-55.ap-northeast-1.compute.internal",
            "private_dns_name_options": [
              {
                "enable_resource_name_dns_a_record": false,
                "enable_resource_name_dns_aaaa_record": false,
                "hostname_type": "ip-name"
              }
            ],
            "private_ip": "172.31.6.55",
            "public_dns": "ec2-52-195-167-96.ap-northeast-1.compute.amazonaws.com",
            "public_ip": "52.195.167.96",
            "root_block_device": [
              {
                "delete_on_termination": true,
                "device_name": "/dev/sda1",
                "encrypted": false,
                "iops": 100,
                "kms_key_id": "",
                "tags": {},
                "tags_all": {},
                "throughput": 0,
                "volume_id": "vol-0dc70040e0ecfcb00",
                "volume_size": 8,
                "volume_type": "gp2"
              }
            ],
            "secondary_private_ips": [],
            "security_groups": [
              "k8s-sg"
            ],
            "source_dest_check": true,
            "spot_instance_request_id": "",
            "subnet_id": "subnet-0786ec2acffaffa2c",
            "tags": {
              "Name": "workstation"
            },
            "tags_all": {
              "Name": "workstation"
            },
            "tenancy": "default",
            "timeouts": null,
            "user_data": "555e6aaf09670900bbec5e2482b6cd53d44917ee",
            "user_data_base64": null,
            "user_data_replace_on_change": false,
            "volume_tags": null,
            "vpc_security_group_ids": [
              "sg-06402ee46c42f8e96"
            ]
          },
          "sensitive_attributes": [
            [
              {
                "type": "get_attr",
                "value": "user_data"
              }
            ]
          ],
          "private": "eyJlMmJmYjczMC1lY2FhLTExZTYtOGY4OC0zNDM2M2JjN2M0YzAiOnsiY3JlYXRlIjo2MDAwMDAwMDAwMDAsImRlbGV0ZSI6MTIwMDAwMDAwMDAwMCwicmVhZCI6OTAwMDAwMDAwMDAwLCJ1cGRhdGUiOjYwMDAwMDAwMDAwMH0sInNjaGVtYV92ZXJzaW9uIjoiMSJ9",
          "dependencies": [
            "aws_instance.example",
            "tls_private_key.workstation_key"
          ]
        }
      ]
    },
    {
      "mode": "managed",
      "type": "tls_private_key",
      "name": "workstation_key",
      "provider": "provider[\"registry.terraform.io/hashicorp/tls\"]",
      "instances": [
        {
          "schema_version": 1,
          "attributes": {
            "algorithm": "RSA",
            "ecdsa_curve": "P224",
            "id": "97def76be23aa6458b54081757d28a672cbb7791",
            "private_key_openssh": "-----BEGIN OPENSSH PRIVATE KEY-----\nb3BlbnNzaC1rZXktdjEAAAAABG5vbmUAAAAEbm9uZQAAAAAAAAABAAABFwAAAAdz\nc2gtcnNhAAAAAwEAAQAAAQEAtbHtJ+r0jVePoUbs4nzOMpjvlSfPjNsMxvyxah44\nZCC4Y/xUY260H5YWmL8OaHhpr75PcBcFojbtEvwDjH3QFO4vXt5xaU8nQzIzyy16\nD+SziaNdXLkPvjqjHSKPpcqSus3ON/2jStqXQMqcHq81aykhnWj9jI9t08OkUSlH\ncC0QMHCshqnD9VMr1KO3sMy2kqgx3S4A4S7JBiYn8OS9LQkM/epBo53yJA+JCCzK\nGpYcnOk+a2dmNhbJJwx/AaYttNDAH3MXdIRPrRnfovWFyy+Unutxvb96Z37U8eOH\nPFqv7ervYmUEEHGN40f3EbEMkDKSFhaX5OUKuKs4kb46SwAAA7hB+NkTQfjZEwAA\nAAdzc2gtcnNhAAABAQC1se0n6vSNV4+hRuzifM4ymO+VJ8+M2wzG/LFqHjhkILhj\n/FRjbrQflhaYvw5oeGmvvk9wFwWiNu0S/AOMfdAU7i9e3nFpTydDMjPLLXoP5LOJ\no11cuQ++OqMdIo+lypK6zc43/aNK2pdAypwerzVrKSGdaP2Mj23Tw6RRKUdwLRAw\ncKyGqcP1UyvUo7ewzLaSqDHdLgDhLskGJifw5L0tCQz96kGjnfIkD4kILMoalhyc\n6T5rZ2Y2FsknDH8Bpi200MAfcxd0hE+tGd+i9YXLL5Se63G9v3pnftTx44c8Wq/t\n6u9iZQQQcY3jR/cRsQyQMpIWFpfk5Qq4qziRvjpLAAAAAwEAAQAAAQAjzNAOqnPP\nGa6aN3BbW/4A6DNkrzhs54hH+Og4IYY47F2IjeJOyTRCeP8wz4xWN0uTrirWyiJ5\nCNuDfxZv6yZByYCZ77hm6Iqy6cRcxzQix4w8lWzC5U/dyo3zIqktIJHyrrRwQdCX\n4iQlRwal4R3kZHFUI6i5tlUMgaLxvvFtf46QHho3hzpM6X6EPHOpmXHBsKYY+jic\n274e36Ad3WBE87ifVI+qoUUWZaAxjrhOVZIVbEGxd5he+j8+QUtgKnth7LDZOYMZ\nsV+cQ6rGjYc0jOxIGBZsHEZtylJ6FYoVvBjwRBS1Bh6YFh/Kfy+mXrxfZOeMHcWI\nFx5jXEiRal/5AAAAgHzGTVyTjkhZhMbTjx14L3LnyUYUdq3dsOZTFSrxFnp4vq5K\n5Fd+zKZkcn2chezkoIioDptALmkxLPpCwC9uYwqoETCqr1Dwh18s92Q2eRZHJYOS\nYAphoBMUKbSkiUeQt5zPqf6o+LZIJREnnlFTmz6LW3Va7RErPvEJUtq7mSe0AAAA\ngQDZDzYjKMnYjGDHhWFzLxs4pDkuTc0+OGhYinmud1+Q/WNpuWhmgfVYRq8lgC5M\nJCwfIdTuIuKFH0gZnHE4BFJCaGAqXxwGP0QHNjv6LDKHGOkiY/EzYcFXd/U737ST\ndsrcX6ut6VpHEVyfDAdSEjEJjiUGqu2ONJ70d8JQvJvvpQAAAIEA1kqM8UHGHF/4\nXtffmcXZeMtGonb3k8B1fpECrHmCrAfq/nYlNsI+AfjrSm3d0rusz9gDGmydWLOh\na7/2+aSnSsmX7Bc+5OUmFpeDVcSg0klwKUs/GvfDe8UoF+c467y3XSdV0S6aQkaT\nhJYgvkONM1GlDFwga8P3h+aS5/9DXy8AAAAAAQID\n-----END OPENSSH PRIVATE KEY-----\n",
            "private_key_pem": "-----BEGIN RSA PRIVATE KEY-----\nMIIEowIBAAKCAQEAtbHtJ+r0jVePoUbs4nzOMpjvlSfPjNsMxvyxah44ZCC4Y/xU\nY260H5YWmL8OaHhpr75PcBcFojbtEvwDjH3QFO4vXt5xaU8nQzIzyy16D+SziaNd\nXLkPvjqjHSKPpcqSus3ON/2jStqXQMqcHq81aykhnWj9jI9t08OkUSlHcC0QMHCs\nhqnD9VMr1KO3sMy2kqgx3S4A4S7JBiYn8OS9LQkM/epBo53yJA+JCCzKGpYcnOk+\na2dmNhbJJwx/AaYttNDAH3MXdIRPrRnfovWFyy+Unutxvb96Z37U8eOHPFqv7erv\nYmUEEHGN40f3EbEMkDKSFhaX5OUKuKs4kb46SwIDAQABAoIBACPM0A6qc88Zrpo3\ncFtb/gDoM2SvOGzniEf46DghhjjsXYiN4k7JNEJ4/zDPjFY3S5OuKtbKInkI24N/\nFm/rJkHJgJnvuGboirLpxFzHNCLHjDyVbMLlT93KjfMiqS0gkfKutHBB0JfiJCVH\nBqXhHeRkcVQjqLm2VQyBovG+8W1/jpAeGjeHOkzpfoQ8c6mZccGwphj6OJzbvh7f\noB3dYETzuJ9Uj6qhRRZloDGOuE5VkhVsQbF3mF76Pz5BS2Aqe2HssNk5gxmxX5xD\nqsaNhzSM7EgYFmwcRm3KUnoVihW8GPBEFLUGHpgWH8p/L6ZevF9k54wdxYgXHmNc\nSJFqX/kCgYEA2Q82IyjJ2Ixgx4Vhcy8bOKQ5Lk3NPjhoWIp5rndfkP1jabloZoH1\nWEavJYAuTCQsHyHU7iLihR9IGZxxOARSQmhgKl8cBj9EBzY7+iwyhxjpImPxM2HB\nV3f1O9+0k3bK3F+rrelaRxFcnwwHUhIxCY4lBqrtjjSe9HfCULyb76UCgYEA1kqM\n8UHGHF/4XtffmcXZeMtGonb3k8B1fpECrHmCrAfq/nYlNsI+AfjrSm3d0rusz9gD\nGmydWLOha7/2+aSnSsmX7Bc+5OUmFpeDVcSg0klwKUs/GvfDe8UoF+c467y3XSdV\n0S6aQkaThJYgvkONM1GlDFwga8P3h+aS5/9DXy8CgYEAuO7R5EDTQHHR3wxQC9Ad\ntDOPGFlnPdTXamCI7dF9Fc4dji1Ous+M1mpavWuphmvnP5sWjNIiBuOxDUkR2XUt\nFLFTBabE/LmYX0Cg9zQC1MGvmAJotatbDAgDY8DkXCOBESNd5S2FIjmznTqlXhJr\nv0VhXH3zKg7BQ25pm1omzZUCgYBKCMOc7m51iyqSCd70j4hM1V3370Ylw85UBeF4\nmRpuOOYVN9gvjPhDUi5oLoD+t1xDCow36uKJrLXONioroZkym2djZ7yQ9CIul/YG\nAcLWJA0eFyMcPBFLh5gMehQOTcrD4j0h4gnlb+CzY/K4CTqVSlXNaV7CHJg+WYjT\nojsyfQKBgHzGTVyTjkhZhMbTjx14L3LnyUYUdq3dsOZTFSrxFnp4vq5K5Fd+zKZk\ncn2chezkoIioDptALmkxLPpCwC9uYwqoETCqr1Dwh18s92Q2eRZHJYOSYAphoBMU\nKbSkiUeQt5zPqf6o+LZIJREnnlFTmz6LW3Va7RErPvEJUtq7mSe0\n-----END RSA PRIVATE KEY-----\n",
            "private_key_pem_pkcs8": "-----BEGIN PRIVATE KEY-----\nMIIEvQIBADANBgkqhkiG9w0BAQEFAASCBKcwggSjAgEAAoIBAQC1se0n6vSNV4+h\nRuzifM4ymO+VJ8+M2wzG/LFqHjhkILhj/FRjbrQflhaYvw5oeGmvvk9wFwWiNu0S\n/AOMfdAU7i9e3nFpTydDMjPLLXoP5LOJo11cuQ++OqMdIo+lypK6zc43/aNK2pdA\nypwerzVrKSGdaP2Mj23Tw6RRKUdwLRAwcKyGqcP1UyvUo7ewzLaSqDHdLgDhLskG\nJifw5L0tCQz96kGjnfIkD4kILMoalhyc6T5rZ2Y2FsknDH8Bpi200MAfcxd0hE+t\nGd+i9YXLL5Se63G9v3pnftTx44c8Wq/t6u9iZQQQcY3jR/cRsQyQMpIWFpfk5Qq4\nqziRvjpLAgMBAAECggEAI8zQDqpzzxmumjdwW1v+AOgzZK84bOeIR/joOCGGOOxd\niI3iTsk0Qnj/MM+MVjdLk64q1soieQjbg38Wb+smQcmAme+4ZuiKsunEXMc0IseM\nPJVswuVP3cqN8yKpLSCR8q60cEHQl+IkJUcGpeEd5GRxVCOoubZVDIGi8b7xbX+O\nkB4aN4c6TOl+hDxzqZlxwbCmGPo4nNu+Ht+gHd1gRPO4n1SPqqFFFmWgMY64TlWS\nFWxBsXeYXvo/PkFLYCp7Yeyw2TmDGbFfnEOqxo2HNIzsSBgWbBxGbcpSehWKFbwY\n8EQUtQYemBYfyn8vpl68X2TnjB3FiBceY1xIkWpf+QKBgQDZDzYjKMnYjGDHhWFz\nLxs4pDkuTc0+OGhYinmud1+Q/WNpuWhmgfVYRq8lgC5MJCwfIdTuIuKFH0gZnHE4\nBFJCaGAqXxwGP0QHNjv6LDKHGOkiY/EzYcFXd/U737STdsrcX6ut6VpHEVyfDAdS\nEjEJjiUGqu2ONJ70d8JQvJvvpQKBgQDWSozxQcYcX/he19+Zxdl4y0aidveTwHV+\nkQKseYKsB+r+diU2wj4B+OtKbd3Su6zP2AMabJ1Ys6Frv/b5pKdKyZfsFz7k5SYW\nl4NVxKDSSXApSz8a98N7xSgX5zjrvLddJ1XRLppCRpOEliC+Q40zUaUMXCBrw/eH\n5pLn/0NfLwKBgQC47tHkQNNAcdHfDFAL0B20M48YWWc91NdqYIjt0X0Vzh2OLU66\nz4zWalq9a6mGa+c/mxaM0iIG47ENSRHZdS0UsVMFpsT8uZhfQKD3NALUwa+YAmi1\nq1sMCANjwORcI4ERI13lLYUiObOdOqVeEmu/RWFcffMqDsFDbmmbWibNlQKBgEoI\nw5zubnWLKpIJ3vSPiEzVXffvRiXDzlQF4XiZGm445hU32C+M+ENSLmgugP63XEMK\njDfq4omstc42KiuhmTKbZ2NnvJD0Ii6X9gYBwtYkDR4XIxw8EUuHmAx6FA5NysPi\nPSHiCeVv4LNj8rgJOpVKVc1pXsIcmD5ZiNOiOzJ9AoGAfMZNXJOOSFmExtOPHXgv\ncufJRhR2rd2w5lMVKvEWeni+rkrkV37MpmRyfZyF7OSgiKgOm0AuaTEs+kLAL25j\nCqgRMKqvUPCHXyz3ZDZ5Fkclg5JgCmGgExQptKSJR5C3nM+p/qj4tkglESeeUVOb\nPotbdVrtESs+8QlS2ruZJ7Q=\n-----END PRIVATE KEY-----\n",
            "public_key_fingerprint_md5": "28:3c:01:fa:11:2b:7f:bf:43:a0:f9:9a:35:6e:c0:62",
            "public_key_fingerprint_sha256": "SHA256:V7UrlTRE08ECQ1UDiboDht61BvcWfKpH6edHVWa8kxY",
            "public_key_openssh": "ssh-rsa AAAAB3NzaC1yc2EAAAADAQABAAABAQC1se0n6vSNV4+hRuzifM4ymO+VJ8+M2wzG/LFqHjhkILhj/FRjbrQflhaYvw5oeGmvvk9wFwWiNu0S/AOMfdAU7i9e3nFpTydDMjPLLXoP5LOJo11cuQ++OqMdIo+lypK6zc43/aNK2pdAypwerzVrKSGdaP2Mj23Tw6RRKUdwLRAwcKyGqcP1UyvUo7ewzLaSqDHdLgDhLskGJifw5L0tCQz96kGjnfIkD4kILMoalhyc6T5rZ2Y2FsknDH8Bpi200MAfcxd0hE+tGd+i9YXLL5Se63G9v3pnftTx44c8Wq/t6u9iZQQQcY3jR/cRsQyQMpIWFpfk5Qq4qziRvjpL\n",
            "public_key_pem": "-----BEGIN PUBLIC KEY-----\nMIIBIjANBgkqhkiG9w0BAQEFAAOCAQ8AMIIBCgKCAQEAtbHtJ+r0jVePoUbs4nzO\nMpjvlSfPjNsMxvyxah44ZCC4Y/xUY260H5YWmL8OaHhpr75PcBcFojbtEvwDjH3Q\nFO4vXt5xaU8nQzIzyy16D+SziaNdXLkPvjqjHSKPpcqSus3ON/2jStqXQMqcHq81\naykhnWj9jI9t08OkUSlHcC0QMHCshqnD9VMr1KO3sMy2kqgx3S4A4S7JBiYn8OS9\nLQkM/epBo53yJA+JCCzKGpYcnOk+a2dmNhbJJwx/AaYttNDAH3MXdIRPrRnfovWF\nyy+Unutxvb96Z37U8eOHPFqv7ervYmUEEHGN40f3EbEMkDKSFhaX5OUKuKs4kb46\nSwIDAQAB\n-----END PUBLIC KEY-----\n",
            "rsa_bits": 2048
          },
          "sensitive_attributes": [
            [
              {
                "type": "get_attr",
                "value": "private_key_openssh"
              }
            ],
            [
              {
                "type": "get_attr",
                "value": "private_key_pem_pkcs8"
              }
            ],
            [
              {
                "type": "get_attr",
                "value": "private_key_pem"
              }
            ]
          ]
        }
      ]
    }
  ],
  "check_results": null
}
