{
  "version": 4,
  "terraform_version": "1.10.3",
  "serial": 264,
  "lineage": "6898dcc9-04de-a7e9-1f26-a7f0f38ab5e6",
  "outputs": {
    "workstation_private_key": {
      "value": "-----BEGIN RSA PRIVATE KEY-----\nMIIEowIBAAKCAQEAooYyAShig48b8xO87QCCdNzP1mbT23mqsDA/yicVL7Ency99\nIEOPVeiybAsEGUBbO3H+zfQjIdtGWAeyAsi5LyFcy7JjxZKnZhiWLI9J40tn2zV9\nW1C5MUZVDya0XFLCZlOcLvJF9pljLYf5IZzDN03IjXuyXqwLeZvUZmFD0j5D0WTA\nGXl0d+I7QDMqTGjjhv0cHQ9cahhIuAEOxoonNk3+GczomNU+W3urNji/XXIA8KHM\nmez+/1JhlO7NzRogxBi1JpaEXrbl/Jo9KkFVru0iTpUwMvLNRTS2eA/vZDISEeNh\nTYCbp4kX5O+XegIoq4QFUrjW8hyq8blpS0vxXQIDAQABAoIBAEP8bPiNA0DTYba6\nYAKofuoR4KNommEqMRvI4zZWSQeNTNpjWC1h9ZjTYafOp+VERaXFVviikvu7tV5n\nwbBmdQjhJOdU9WWVpo8P4+o5+oepaIWLh6fmScHyEOzonPQt7oJNoX0F/fxdR96p\nDa9g20zMLgP5ZbEyuQ4jAKPfNjbBCDxUPQ19s776JDa0Mg7oPMybgprBC/Oecz2i\n1JqCzwKv6Rw9o4ScuVSnYdaulxX6rfGJaF4Ni75e8CtQfKynnAdZafIt5V3gAILs\nXHWSSyLGm8H8RwLcFKCicxi4ueUqpVcCejrDuFdoCQGzxvmNhb25RXPyLpvm81qS\nydvUUIUCgYEAwFAu7yL+9uK5+WIAzFlUkDj+/OKlPFfZeTYnHslAubCFSGE4WvGn\ngmO73q4pSSPl4yTrno0Sekz5CoG8sQEpTf9cDzriulB8l3Y32ZsmbFp8vZUJP+WR\n9AU0feHFgMXWzQjhjarh0Qh82oJUCziJBIeeZ8peUWuwEphgY9pMfIsCgYEA2FiT\njA0dsBEN5PwaNkC/7oWFyCPUTPF5h2h4WCHlqABmxBTVD+pHZ6IYR+KgDYgcFvVW\nQuXGambaxx5lKcZrWXzP1bm6H+kuP3HhHrrFjlJNk5rokjr9s/m9yxkUbMoSX3SZ\nylKye/dtkyNYUU+/DTtfV+D5ZHCfyu/pXQHH/rcCgYAPo/XNORlnVtUtNQ0/kVxR\nRnFme8BYggSL2R2hYVjEQVj1pAKDUvf+oMHcwGlXK3Y83PnUsUB5dd0jP53q/18u\nmsAP9QgPgxA++TxdlEKxuUI/4OkZq0ANiobUXhJEANMRZdGCRg2LhJcy5jqTlwt9\ntNHrOwgksw9k08OzG0PxNQKBgQCqqj1Cxvn7cYincaRv1eZSj+w4NON+CyOWiPge\ndicHv8FRvylQk7zeaMWEt6cQ5aVbCxCQV1iNiTPezgB50vfOMSJ29Dt6fuUn0XsI\nVcgQfKaL4TDEYlrOxh1NgSxWoZWazY2gSFpaZpZ+8uvxwNny4zpURboW3K2BVn6e\nCxCswwKBgHKN3YiQLOATcNMlXGbM2VkrNthdm22moVrMcKYzMjyGyKDtmVa4mXHy\njBaUjSw6nmCT7H18peQThQOKht7rv6IuFMatyJM2NnRzU6+ZtunqtI8nvHV4i/ED\ntsrsXtYDp7cqhv1A759z2IV0WdmaNxNLfOWjyBE3SqW7A2IyXt/b\n-----END RSA PRIVATE KEY-----\n",
      "type": "string",
      "sensitive": true
    },
    "workstation_public_key": {
      "value": "ssh-rsa AAAAB3NzaC1yc2EAAAADAQABAAABAQCihjIBKGKDjxvzE7ztAIJ03M/WZtPbeaqwMD/KJxUvsSdzL30gQ49V6LJsCwQZQFs7cf7N9CMh20ZYB7ICyLkvIVzLsmPFkqdmGJYsj0njS2fbNX1bULkxRlUPJrRcUsJmU5wu8kX2mWMth/khnMM3TciNe7JerAt5m9RmYUPSPkPRZMAZeXR34jtAMypMaOOG/RwdD1xqGEi4AQ7Giic2Tf4ZzOiY1T5be6s2OL9dcgDwocyZ7P7/UmGU7s3NGiDEGLUmloRetuX8mj0qQVWu7SJOlTAy8s1FNLZ4D+9kMhIR42FNgJuniRfk75d6AiirhAVSuNbyHKrxuWlLS/Fd\n",
      "type": "string"
    }
  },
  "resources": [
    {
      "mode": "managed",
      "type": "aws_instance",
      "name": "example",
      "provider": "provider[\"registry.terraform.io/hashicorp/aws\"]",
      "instances": [
        {
          "index_key": "cp1",
          "schema_version": 1,
          "attributes": {
            "ami": "ami-0ac6b9b2908f3e20d",
            "arn": "arn:aws:ec2:ap-northeast-1:262293142070:instance/i-01d34abd22bf01fcd",
            "associate_public_ip_address": true,
            "availability_zone": "ap-northeast-1a",
            "capacity_reservation_specification": [
              {
                "capacity_reservation_preference": "open",
                "capacity_reservation_target": []
              }
            ],
            "cpu_core_count": 2,
            "cpu_options": [
              {
                "amd_sev_snp": "",
                "core_count": 2,
                "threads_per_core": 1
              }
            ],
            "cpu_threads_per_core": 1,
            "credit_specification": [
              {
                "cpu_credits": "standard"
              }
            ],
            "disable_api_stop": false,
            "disable_api_termination": false,
            "ebs_block_device": [],
            "ebs_optimized": false,
            "enable_primary_ipv6": null,
            "enclave_options": [
              {
                "enabled": false
              }
            ],
            "ephemeral_block_device": [],
            "get_password_data": false,
            "hibernation": false,
            "host_id": "",
            "host_resource_group_arn": null,
            "iam_instance_profile": "",
            "id": "i-01d34abd22bf01fcd",
            "instance_initiated_shutdown_behavior": "stop",
            "instance_lifecycle": "",
            "instance_market_options": [],
            "instance_state": "running",
            "instance_type": "t2.medium",
            "ipv6_address_count": 0,
            "ipv6_addresses": [],
            "key_name": "k8s-key",
            "launch_template": [],
            "maintenance_options": [
              {
                "auto_recovery": "default"
              }
            ],
            "metadata_options": [
              {
                "http_endpoint": "enabled",
                "http_protocol_ipv6": "disabled",
                "http_put_response_hop_limit": 1,
                "http_tokens": "optional",
                "instance_metadata_tags": "disabled"
              }
            ],
            "monitoring": false,
            "network_interface": [],
            "outpost_arn": "",
            "password_data": "",
            "placement_group": "",
            "placement_partition_number": 0,
            "primary_network_interface_id": "eni-08e911df723e34dc4",
            "private_dns": "ip-172-31-34-43.ap-northeast-1.compute.internal",
            "private_dns_name_options": [
              {
                "enable_resource_name_dns_a_record": false,
                "enable_resource_name_dns_aaaa_record": false,
                "hostname_type": "ip-name"
              }
            ],
            "private_ip": "172.31.34.43",
            "public_dns": "ec2-18-179-61-224.ap-northeast-1.compute.amazonaws.com",
            "public_ip": "18.179.61.224",
            "root_block_device": [
              {
                "delete_on_termination": true,
                "device_name": "/dev/sda1",
                "encrypted": false,
                "iops": 100,
                "kms_key_id": "",
                "tags": {},
                "tags_all": {},
                "throughput": 0,
                "volume_id": "vol-010c352976563e3dc",
                "volume_size": 8,
                "volume_type": "gp2"
              }
            ],
            "secondary_private_ips": [],
            "security_groups": [
              "k8s-sg"
            ],
            "source_dest_check": true,
            "spot_instance_request_id": "",
            "subnet_id": "subnet-0d34d5d4e3f36f0db",
            "tags": {
              "Name": "cp1"
            },
            "tags_all": {
              "Name": "cp1"
            },
            "tenancy": "default",
            "timeouts": null,
            "user_data": "2f1975b20feeac8bfe39b6bf32ea1e92e19e7bba",
            "user_data_base64": null,
            "user_data_replace_on_change": false,
            "volume_tags": null,
            "vpc_security_group_ids": [
              "sg-06402ee46c42f8e96"
            ]
          },
          "sensitive_attributes": [],
          "private": "eyJlMmJmYjczMC1lY2FhLTExZTYtOGY4OC0zNDM2M2JjN2M0YzAiOnsiY3JlYXRlIjo2MDAwMDAwMDAwMDAsImRlbGV0ZSI6MTIwMDAwMDAwMDAwMCwicmVhZCI6OTAwMDAwMDAwMDAwLCJ1cGRhdGUiOjYwMDAwMDAwMDAwMH0sInNjaGVtYV92ZXJzaW9uIjoiMSJ9",
          "dependencies": [
            "tls_private_key.workstation_key"
          ]
        },
        {
          "index_key": "cp2",
          "schema_version": 1,
          "attributes": {
            "ami": "ami-0ac6b9b2908f3e20d",
            "arn": "arn:aws:ec2:ap-northeast-1:262293142070:instance/i-0f8e030f0190142c6",
            "associate_public_ip_address": true,
            "availability_zone": "ap-northeast-1a",
            "capacity_reservation_specification": [
              {
                "capacity_reservation_preference": "open",
                "capacity_reservation_target": []
              }
            ],
            "cpu_core_count": 2,
            "cpu_options": [
              {
                "amd_sev_snp": "",
                "core_count": 2,
                "threads_per_core": 1
              }
            ],
            "cpu_threads_per_core": 1,
            "credit_specification": [
              {
                "cpu_credits": "standard"
              }
            ],
            "disable_api_stop": false,
            "disable_api_termination": false,
            "ebs_block_device": [],
            "ebs_optimized": false,
            "enable_primary_ipv6": null,
            "enclave_options": [
              {
                "enabled": false
              }
            ],
            "ephemeral_block_device": [],
            "get_password_data": false,
            "hibernation": false,
            "host_id": "",
            "host_resource_group_arn": null,
            "iam_instance_profile": "",
            "id": "i-0f8e030f0190142c6",
            "instance_initiated_shutdown_behavior": "stop",
            "instance_lifecycle": "",
            "instance_market_options": [],
            "instance_state": "running",
            "instance_type": "t2.medium",
            "ipv6_address_count": 0,
            "ipv6_addresses": [],
            "key_name": "k8s-key",
            "launch_template": [],
            "maintenance_options": [
              {
                "auto_recovery": "default"
              }
            ],
            "metadata_options": [
              {
                "http_endpoint": "enabled",
                "http_protocol_ipv6": "disabled",
                "http_put_response_hop_limit": 1,
                "http_tokens": "optional",
                "instance_metadata_tags": "disabled"
              }
            ],
            "monitoring": false,
            "network_interface": [],
            "outpost_arn": "",
            "password_data": "",
            "placement_group": "",
            "placement_partition_number": 0,
            "primary_network_interface_id": "eni-0c82a69f730ffb164",
            "private_dns": "ip-172-31-36-116.ap-northeast-1.compute.internal",
            "private_dns_name_options": [
              {
                "enable_resource_name_dns_a_record": false,
                "enable_resource_name_dns_aaaa_record": false,
                "hostname_type": "ip-name"
              }
            ],
            "private_ip": "172.31.36.116",
            "public_dns": "ec2-35-77-102-89.ap-northeast-1.compute.amazonaws.com",
            "public_ip": "35.77.102.89",
            "root_block_device": [
              {
                "delete_on_termination": true,
                "device_name": "/dev/sda1",
                "encrypted": false,
                "iops": 100,
                "kms_key_id": "",
                "tags": {},
                "tags_all": {},
                "throughput": 0,
                "volume_id": "vol-09c18b4efbb8ee385",
                "volume_size": 8,
                "volume_type": "gp2"
              }
            ],
            "secondary_private_ips": [],
            "security_groups": [
              "k8s-sg"
            ],
            "source_dest_check": true,
            "spot_instance_request_id": "",
            "subnet_id": "subnet-0d34d5d4e3f36f0db",
            "tags": {
              "Name": "cp2"
            },
            "tags_all": {
              "Name": "cp2"
            },
            "tenancy": "default",
            "timeouts": null,
            "user_data": "ad967b77c5bd06ec194ec433b47d33ecff3a4eb5",
            "user_data_base64": null,
            "user_data_replace_on_change": false,
            "volume_tags": null,
            "vpc_security_group_ids": [
              "sg-06402ee46c42f8e96"
            ]
          },
          "sensitive_attributes": [],
          "private": "eyJlMmJmYjczMC1lY2FhLTExZTYtOGY4OC0zNDM2M2JjN2M0YzAiOnsiY3JlYXRlIjo2MDAwMDAwMDAwMDAsImRlbGV0ZSI6MTIwMDAwMDAwMDAwMCwicmVhZCI6OTAwMDAwMDAwMDAwLCJ1cGRhdGUiOjYwMDAwMDAwMDAwMH0sInNjaGVtYV92ZXJzaW9uIjoiMSJ9",
          "dependencies": [
            "tls_private_key.workstation_key"
          ]
        },
        {
          "index_key": "cp3",
          "schema_version": 1,
          "attributes": {
            "ami": "ami-0ac6b9b2908f3e20d",
            "arn": "arn:aws:ec2:ap-northeast-1:262293142070:instance/i-09f32eec7da5c0cc1",
            "associate_public_ip_address": true,
            "availability_zone": "ap-northeast-1a",
            "capacity_reservation_specification": [
              {
                "capacity_reservation_preference": "open",
                "capacity_reservation_target": []
              }
            ],
            "cpu_core_count": 2,
            "cpu_options": [
              {
                "amd_sev_snp": "",
                "core_count": 2,
                "threads_per_core": 1
              }
            ],
            "cpu_threads_per_core": 1,
            "credit_specification": [
              {
                "cpu_credits": "standard"
              }
            ],
            "disable_api_stop": false,
            "disable_api_termination": false,
            "ebs_block_device": [],
            "ebs_optimized": false,
            "enable_primary_ipv6": null,
            "enclave_options": [
              {
                "enabled": false
              }
            ],
            "ephemeral_block_device": [],
            "get_password_data": false,
            "hibernation": false,
            "host_id": "",
            "host_resource_group_arn": null,
            "iam_instance_profile": "",
            "id": "i-09f32eec7da5c0cc1",
            "instance_initiated_shutdown_behavior": "stop",
            "instance_lifecycle": "",
            "instance_market_options": [],
            "instance_state": "running",
            "instance_type": "t2.medium",
            "ipv6_address_count": 0,
            "ipv6_addresses": [],
            "key_name": "k8s-key",
            "launch_template": [],
            "maintenance_options": [
              {
                "auto_recovery": "default"
              }
            ],
            "metadata_options": [
              {
                "http_endpoint": "enabled",
                "http_protocol_ipv6": "disabled",
                "http_put_response_hop_limit": 1,
                "http_tokens": "optional",
                "instance_metadata_tags": "disabled"
              }
            ],
            "monitoring": false,
            "network_interface": [],
            "outpost_arn": "",
            "password_data": "",
            "placement_group": "",
            "placement_partition_number": 0,
            "primary_network_interface_id": "eni-0a0f163d31345fc48",
            "private_dns": "ip-172-31-36-2.ap-northeast-1.compute.internal",
            "private_dns_name_options": [
              {
                "enable_resource_name_dns_a_record": false,
                "enable_resource_name_dns_aaaa_record": false,
                "hostname_type": "ip-name"
              }
            ],
            "private_ip": "172.31.36.2",
            "public_dns": "ec2-52-69-109-6.ap-northeast-1.compute.amazonaws.com",
            "public_ip": "52.69.109.6",
            "root_block_device": [
              {
                "delete_on_termination": true,
                "device_name": "/dev/sda1",
                "encrypted": false,
                "iops": 100,
                "kms_key_id": "",
                "tags": {},
                "tags_all": {},
                "throughput": 0,
                "volume_id": "vol-0f52ede0986de4c3b",
                "volume_size": 8,
                "volume_type": "gp2"
              }
            ],
            "secondary_private_ips": [],
            "security_groups": [
              "k8s-sg"
            ],
            "source_dest_check": true,
            "spot_instance_request_id": "",
            "subnet_id": "subnet-0d34d5d4e3f36f0db",
            "tags": {
              "Name": "cp3"
            },
            "tags_all": {
              "Name": "cp3"
            },
            "tenancy": "default",
            "timeouts": null,
            "user_data": "8ee655093f9beb5f9cb845910903adedf02d1271",
            "user_data_base64": null,
            "user_data_replace_on_change": false,
            "volume_tags": null,
            "vpc_security_group_ids": [
              "sg-06402ee46c42f8e96"
            ]
          },
          "sensitive_attributes": [],
          "private": "eyJlMmJmYjczMC1lY2FhLTExZTYtOGY4OC0zNDM2M2JjN2M0YzAiOnsiY3JlYXRlIjo2MDAwMDAwMDAwMDAsImRlbGV0ZSI6MTIwMDAwMDAwMDAwMCwicmVhZCI6OTAwMDAwMDAwMDAwLCJ1cGRhdGUiOjYwMDAwMDAwMDAwMH0sInNjaGVtYV92ZXJzaW9uIjoiMSJ9",
          "dependencies": [
            "tls_private_key.workstation_key"
          ]
        },
        {
          "index_key": "worker1",
          "schema_version": 1,
          "attributes": {
            "ami": "ami-0ac6b9b2908f3e20d",
            "arn": "arn:aws:ec2:ap-northeast-1:262293142070:instance/i-0c656ef0673a98537",
            "associate_public_ip_address": true,
            "availability_zone": "ap-northeast-1a",
            "capacity_reservation_specification": [
              {
                "capacity_reservation_preference": "open",
                "capacity_reservation_target": []
              }
            ],
            "cpu_core_count": 2,
            "cpu_options": [
              {
                "amd_sev_snp": "",
                "core_count": 2,
                "threads_per_core": 1
              }
            ],
            "cpu_threads_per_core": 1,
            "credit_specification": [
              {
                "cpu_credits": "standard"
              }
            ],
            "disable_api_stop": false,
            "disable_api_termination": false,
            "ebs_block_device": [],
            "ebs_optimized": false,
            "enable_primary_ipv6": null,
            "enclave_options": [
              {
                "enabled": false
              }
            ],
            "ephemeral_block_device": [],
            "get_password_data": false,
            "hibernation": false,
            "host_id": "",
            "host_resource_group_arn": null,
            "iam_instance_profile": "",
            "id": "i-0c656ef0673a98537",
            "instance_initiated_shutdown_behavior": "stop",
            "instance_lifecycle": "",
            "instance_market_options": [],
            "instance_state": "running",
            "instance_type": "t2.medium",
            "ipv6_address_count": 0,
            "ipv6_addresses": [],
            "key_name": "k8s-key",
            "launch_template": [],
            "maintenance_options": [
              {
                "auto_recovery": "default"
              }
            ],
            "metadata_options": [
              {
                "http_endpoint": "enabled",
                "http_protocol_ipv6": "disabled",
                "http_put_response_hop_limit": 1,
                "http_tokens": "optional",
                "instance_metadata_tags": "disabled"
              }
            ],
            "monitoring": false,
            "network_interface": [],
            "outpost_arn": "",
            "password_data": "",
            "placement_group": "",
            "placement_partition_number": 0,
            "primary_network_interface_id": "eni-04e0ad88c68b2b49b",
            "private_dns": "ip-172-31-46-123.ap-northeast-1.compute.internal",
            "private_dns_name_options": [
              {
                "enable_resource_name_dns_a_record": false,
                "enable_resource_name_dns_aaaa_record": false,
                "hostname_type": "ip-name"
              }
            ],
            "private_ip": "172.31.46.123",
            "public_dns": "ec2-54-199-133-111.ap-northeast-1.compute.amazonaws.com",
            "public_ip": "54.199.133.111",
            "root_block_device": [
              {
                "delete_on_termination": true,
                "device_name": "/dev/sda1",
                "encrypted": false,
                "iops": 100,
                "kms_key_id": "",
                "tags": {},
                "tags_all": {},
                "throughput": 0,
                "volume_id": "vol-0208ac6a4a740430a",
                "volume_size": 8,
                "volume_type": "gp2"
              }
            ],
            "secondary_private_ips": [],
            "security_groups": [
              "k8s-sg"
            ],
            "source_dest_check": true,
            "spot_instance_request_id": "",
            "subnet_id": "subnet-0d34d5d4e3f36f0db",
            "tags": {
              "Name": "worker1"
            },
            "tags_all": {
              "Name": "worker1"
            },
            "tenancy": "default",
            "timeouts": null,
            "user_data": "88d4b1489d2c579ddfb50c7c6fdceed17c914c21",
            "user_data_base64": null,
            "user_data_replace_on_change": false,
            "volume_tags": null,
            "vpc_security_group_ids": [
              "sg-06402ee46c42f8e96"
            ]
          },
          "sensitive_attributes": [],
          "private": "eyJlMmJmYjczMC1lY2FhLTExZTYtOGY4OC0zNDM2M2JjN2M0YzAiOnsiY3JlYXRlIjo2MDAwMDAwMDAwMDAsImRlbGV0ZSI6MTIwMDAwMDAwMDAwMCwicmVhZCI6OTAwMDAwMDAwMDAwLCJ1cGRhdGUiOjYwMDAwMDAwMDAwMH0sInNjaGVtYV92ZXJzaW9uIjoiMSJ9",
          "dependencies": [
            "tls_private_key.workstation_key"
          ]
        },
        {
          "index_key": "worker2",
          "schema_version": 1,
          "attributes": {
            "ami": "ami-0ac6b9b2908f3e20d",
            "arn": "arn:aws:ec2:ap-northeast-1:262293142070:instance/i-0be08840b1c53ed83",
            "associate_public_ip_address": true,
            "availability_zone": "ap-northeast-1a",
            "capacity_reservation_specification": [
              {
                "capacity_reservation_preference": "open",
                "capacity_reservation_target": []
              }
            ],
            "cpu_core_count": 2,
            "cpu_options": [
              {
                "amd_sev_snp": "",
                "core_count": 2,
                "threads_per_core": 1
              }
            ],
            "cpu_threads_per_core": 1,
            "credit_specification": [
              {
                "cpu_credits": "standard"
              }
            ],
            "disable_api_stop": false,
            "disable_api_termination": false,
            "ebs_block_device": [],
            "ebs_optimized": false,
            "enable_primary_ipv6": null,
            "enclave_options": [
              {
                "enabled": false
              }
            ],
            "ephemeral_block_device": [],
            "get_password_data": false,
            "hibernation": false,
            "host_id": "",
            "host_resource_group_arn": null,
            "iam_instance_profile": "",
            "id": "i-0be08840b1c53ed83",
            "instance_initiated_shutdown_behavior": "stop",
            "instance_lifecycle": "",
            "instance_market_options": [],
            "instance_state": "running",
            "instance_type": "t2.medium",
            "ipv6_address_count": 0,
            "ipv6_addresses": [],
            "key_name": "k8s-key",
            "launch_template": [],
            "maintenance_options": [
              {
                "auto_recovery": "default"
              }
            ],
            "metadata_options": [
              {
                "http_endpoint": "enabled",
                "http_protocol_ipv6": "disabled",
                "http_put_response_hop_limit": 1,
                "http_tokens": "optional",
                "instance_metadata_tags": "disabled"
              }
            ],
            "monitoring": false,
            "network_interface": [],
            "outpost_arn": "",
            "password_data": "",
            "placement_group": "",
            "placement_partition_number": 0,
            "primary_network_interface_id": "eni-07a01378eacf8e302",
            "private_dns": "ip-172-31-40-241.ap-northeast-1.compute.internal",
            "private_dns_name_options": [
              {
                "enable_resource_name_dns_a_record": false,
                "enable_resource_name_dns_aaaa_record": false,
                "hostname_type": "ip-name"
              }
            ],
            "private_ip": "172.31.40.241",
            "public_dns": "ec2-3-113-7-137.ap-northeast-1.compute.amazonaws.com",
            "public_ip": "3.113.7.137",
            "root_block_device": [
              {
                "delete_on_termination": true,
                "device_name": "/dev/sda1",
                "encrypted": false,
                "iops": 100,
                "kms_key_id": "",
                "tags": {},
                "tags_all": {},
                "throughput": 0,
                "volume_id": "vol-0a287a445884e4005",
                "volume_size": 8,
                "volume_type": "gp2"
              }
            ],
            "secondary_private_ips": [],
            "security_groups": [
              "k8s-sg"
            ],
            "source_dest_check": true,
            "spot_instance_request_id": "",
            "subnet_id": "subnet-0d34d5d4e3f36f0db",
            "tags": {
              "Name": "worker2"
            },
            "tags_all": {
              "Name": "worker2"
            },
            "tenancy": "default",
            "timeouts": null,
            "user_data": "ab091fc2501a0beb51574d625f6130f3e0055212",
            "user_data_base64": null,
            "user_data_replace_on_change": false,
            "volume_tags": null,
            "vpc_security_group_ids": [
              "sg-06402ee46c42f8e96"
            ]
          },
          "sensitive_attributes": [],
          "private": "eyJlMmJmYjczMC1lY2FhLTExZTYtOGY4OC0zNDM2M2JjN2M0YzAiOnsiY3JlYXRlIjo2MDAwMDAwMDAwMDAsImRlbGV0ZSI6MTIwMDAwMDAwMDAwMCwicmVhZCI6OTAwMDAwMDAwMDAwLCJ1cGRhdGUiOjYwMDAwMDAwMDAwMH0sInNjaGVtYV92ZXJzaW9uIjoiMSJ9",
          "dependencies": [
            "tls_private_key.workstation_key"
          ]
        }
      ]
    },
    {
      "mode": "managed",
      "type": "aws_instance",
      "name": "workstation",
      "provider": "provider[\"registry.terraform.io/hashicorp/aws\"]",
      "instances": [
        {
          "schema_version": 1,
          "attributes": {
            "ami": "ami-0ac6b9b2908f3e20d",
            "arn": "arn:aws:ec2:ap-northeast-1:262293142070:instance/i-0b35f3e7813637a93",
            "associate_public_ip_address": true,
            "availability_zone": "ap-northeast-1c",
            "capacity_reservation_specification": [
              {
                "capacity_reservation_preference": "open",
                "capacity_reservation_target": []
              }
            ],
            "cpu_core_count": 1,
            "cpu_options": [
              {
                "amd_sev_snp": "",
                "core_count": 1,
                "threads_per_core": 1
              }
            ],
            "cpu_threads_per_core": 1,
            "credit_specification": [
              {
                "cpu_credits": "standard"
              }
            ],
            "disable_api_stop": false,
            "disable_api_termination": false,
            "ebs_block_device": [],
            "ebs_optimized": false,
            "enable_primary_ipv6": null,
            "enclave_options": [
              {
                "enabled": false
              }
            ],
            "ephemeral_block_device": [],
            "get_password_data": false,
            "hibernation": false,
            "host_id": "",
            "host_resource_group_arn": null,
            "iam_instance_profile": "",
            "id": "i-0b35f3e7813637a93",
            "instance_initiated_shutdown_behavior": "stop",
            "instance_lifecycle": "",
            "instance_market_options": [],
            "instance_state": "running",
            "instance_type": "t2.micro",
            "ipv6_address_count": 0,
            "ipv6_addresses": [],
            "key_name": "k8s-key",
            "launch_template": [],
            "maintenance_options": [
              {
                "auto_recovery": "default"
              }
            ],
            "metadata_options": [
              {
                "http_endpoint": "enabled",
                "http_protocol_ipv6": "disabled",
                "http_put_response_hop_limit": 1,
                "http_tokens": "optional",
                "instance_metadata_tags": "disabled"
              }
            ],
            "monitoring": false,
            "network_interface": [],
            "outpost_arn": "",
            "password_data": "",
            "placement_group": "",
            "placement_partition_number": 0,
            "primary_network_interface_id": "eni-0bad52f53043f6c81",
            "private_dns": "ip-172-31-11-2.ap-northeast-1.compute.internal",
            "private_dns_name_options": [
              {
                "enable_resource_name_dns_a_record": false,
                "enable_resource_name_dns_aaaa_record": false,
                "hostname_type": "ip-name"
              }
            ],
            "private_ip": "172.31.11.2",
            "public_dns": "ec2-3-115-10-94.ap-northeast-1.compute.amazonaws.com",
            "public_ip": "3.115.10.94",
            "root_block_device": [
              {
                "delete_on_termination": true,
                "device_name": "/dev/sda1",
                "encrypted": false,
                "iops": 100,
                "kms_key_id": "",
                "tags": {},
                "tags_all": {},
                "throughput": 0,
                "volume_id": "vol-0ca65c7cccc0881d2",
                "volume_size": 8,
                "volume_type": "gp2"
              }
            ],
            "secondary_private_ips": [],
            "security_groups": [
              "k8s-sg"
            ],
            "source_dest_check": true,
            "spot_instance_request_id": "",
            "subnet_id": "subnet-0786ec2acffaffa2c",
            "tags": {
              "Name": "workstation"
            },
            "tags_all": {
              "Name": "workstation"
            },
            "tenancy": "default",
            "timeouts": null,
            "user_data": "a488c1fc253e5fe6ff7a7e4a97c2679a7af47682",
            "user_data_base64": null,
            "user_data_replace_on_change": false,
            "volume_tags": null,
            "vpc_security_group_ids": [
              "sg-06402ee46c42f8e96"
            ]
          },
          "sensitive_attributes": [
            [
              {
                "type": "get_attr",
                "value": "user_data"
              }
            ]
          ],
          "private": "eyJlMmJmYjczMC1lY2FhLTExZTYtOGY4OC0zNDM2M2JjN2M0YzAiOnsiY3JlYXRlIjo2MDAwMDAwMDAwMDAsImRlbGV0ZSI6MTIwMDAwMDAwMDAwMCwicmVhZCI6OTAwMDAwMDAwMDAwLCJ1cGRhdGUiOjYwMDAwMDAwMDAwMH0sInNjaGVtYV92ZXJzaW9uIjoiMSJ9",
          "dependencies": [
            "aws_instance.example",
            "tls_private_key.workstation_key"
          ]
        }
      ]
    },
    {
      "mode": "managed",
      "type": "tls_private_key",
      "name": "workstation_key",
      "provider": "provider[\"registry.terraform.io/hashicorp/tls\"]",
      "instances": [
        {
          "schema_version": 1,
          "attributes": {
            "algorithm": "RSA",
            "ecdsa_curve": "P224",
            "id": "7c2d6a28de8b65ab7dfc6512ba0ae5e6cab3ee20",
            "private_key_openssh": "-----BEGIN OPENSSH PRIVATE KEY-----\nb3BlbnNzaC1rZXktdjEAAAAABG5vbmUAAAAEbm9uZQAAAAAAAAABAAABFwAAAAdz\nc2gtcnNhAAAAAwEAAQAAAQEAooYyAShig48b8xO87QCCdNzP1mbT23mqsDA/yicV\nL7Ency99IEOPVeiybAsEGUBbO3H+zfQjIdtGWAeyAsi5LyFcy7JjxZKnZhiWLI9J\n40tn2zV9W1C5MUZVDya0XFLCZlOcLvJF9pljLYf5IZzDN03IjXuyXqwLeZvUZmFD\n0j5D0WTAGXl0d+I7QDMqTGjjhv0cHQ9cahhIuAEOxoonNk3+GczomNU+W3urNji/\nXXIA8KHMmez+/1JhlO7NzRogxBi1JpaEXrbl/Jo9KkFVru0iTpUwMvLNRTS2eA/v\nZDISEeNhTYCbp4kX5O+XegIoq4QFUrjW8hyq8blpS0vxXQAAA7hXKoExVyqBMQAA\nAAdzc2gtcnNhAAABAQCihjIBKGKDjxvzE7ztAIJ03M/WZtPbeaqwMD/KJxUvsSdz\nL30gQ49V6LJsCwQZQFs7cf7N9CMh20ZYB7ICyLkvIVzLsmPFkqdmGJYsj0njS2fb\nNX1bULkxRlUPJrRcUsJmU5wu8kX2mWMth/khnMM3TciNe7JerAt5m9RmYUPSPkPR\nZMAZeXR34jtAMypMaOOG/RwdD1xqGEi4AQ7Giic2Tf4ZzOiY1T5be6s2OL9dcgDw\nocyZ7P7/UmGU7s3NGiDEGLUmloRetuX8mj0qQVWu7SJOlTAy8s1FNLZ4D+9kMhIR\n42FNgJuniRfk75d6AiirhAVSuNbyHKrxuWlLS/FdAAAAAwEAAQAAAQBD/Gz4jQNA\n02G2umACqH7qEeCjaJphKjEbyOM2VkkHjUzaY1gtYfWY02GnzqflREWlxVb4opL7\nu7VeZ8GwZnUI4STnVPVllaaPD+PqOfqHqWiFi4en5knB8hDs6Jz0Le6CTaF9Bf38\nXUfeqQ2vYNtMzC4D+WWxMrkOIwCj3zY2wQg8VD0NfbO++iQ2tDIO6DzMm4KawQvz\nnnM9otSags8Cr+kcPaOEnLlUp2HWrpcV+q3xiWheDYu+XvArUHysp5wHWWnyLeVd\n4ACC7Fx1kksixpvB/EcC3BSgonMYuLnlKqVXAno6w7hXaAkBs8b5jYW9uUVz8i6b\n5vNaksnb1FCFAAAAgHKN3YiQLOATcNMlXGbM2VkrNthdm22moVrMcKYzMjyGyKDt\nmVa4mXHyjBaUjSw6nmCT7H18peQThQOKht7rv6IuFMatyJM2NnRzU6+ZtunqtI8n\nvHV4i/EDtsrsXtYDp7cqhv1A759z2IV0WdmaNxNLfOWjyBE3SqW7A2IyXt/bAAAA\ngQDAUC7vIv724rn5YgDMWVSQOP784qU8V9l5NiceyUC5sIVIYTha8aeCY7verilJ\nI+XjJOuejRJ6TPkKgbyxASlN/1wPOuK6UHyXdjfZmyZsWny9lQk/5ZH0BTR94cWA\nxdbNCOGNquHRCHzaglQLOIkEh55nyl5Ra7ASmGBj2kx8iwAAAIEA2FiTjA0dsBEN\n5PwaNkC/7oWFyCPUTPF5h2h4WCHlqABmxBTVD+pHZ6IYR+KgDYgcFvVWQuXGamba\nxx5lKcZrWXzP1bm6H+kuP3HhHrrFjlJNk5rokjr9s/m9yxkUbMoSX3SZylKye/dt\nkyNYUU+/DTtfV+D5ZHCfyu/pXQHH/rcAAAAAAQID\n-----END OPENSSH PRIVATE KEY-----\n",
            "private_key_pem": "-----BEGIN RSA PRIVATE KEY-----\nMIIEowIBAAKCAQEAooYyAShig48b8xO87QCCdNzP1mbT23mqsDA/yicVL7Ency99\nIEOPVeiybAsEGUBbO3H+zfQjIdtGWAeyAsi5LyFcy7JjxZKnZhiWLI9J40tn2zV9\nW1C5MUZVDya0XFLCZlOcLvJF9pljLYf5IZzDN03IjXuyXqwLeZvUZmFD0j5D0WTA\nGXl0d+I7QDMqTGjjhv0cHQ9cahhIuAEOxoonNk3+GczomNU+W3urNji/XXIA8KHM\nmez+/1JhlO7NzRogxBi1JpaEXrbl/Jo9KkFVru0iTpUwMvLNRTS2eA/vZDISEeNh\nTYCbp4kX5O+XegIoq4QFUrjW8hyq8blpS0vxXQIDAQABAoIBAEP8bPiNA0DTYba6\nYAKofuoR4KNommEqMRvI4zZWSQeNTNpjWC1h9ZjTYafOp+VERaXFVviikvu7tV5n\nwbBmdQjhJOdU9WWVpo8P4+o5+oepaIWLh6fmScHyEOzonPQt7oJNoX0F/fxdR96p\nDa9g20zMLgP5ZbEyuQ4jAKPfNjbBCDxUPQ19s776JDa0Mg7oPMybgprBC/Oecz2i\n1JqCzwKv6Rw9o4ScuVSnYdaulxX6rfGJaF4Ni75e8CtQfKynnAdZafIt5V3gAILs\nXHWSSyLGm8H8RwLcFKCicxi4ueUqpVcCejrDuFdoCQGzxvmNhb25RXPyLpvm81qS\nydvUUIUCgYEAwFAu7yL+9uK5+WIAzFlUkDj+/OKlPFfZeTYnHslAubCFSGE4WvGn\ngmO73q4pSSPl4yTrno0Sekz5CoG8sQEpTf9cDzriulB8l3Y32ZsmbFp8vZUJP+WR\n9AU0feHFgMXWzQjhjarh0Qh82oJUCziJBIeeZ8peUWuwEphgY9pMfIsCgYEA2FiT\njA0dsBEN5PwaNkC/7oWFyCPUTPF5h2h4WCHlqABmxBTVD+pHZ6IYR+KgDYgcFvVW\nQuXGambaxx5lKcZrWXzP1bm6H+kuP3HhHrrFjlJNk5rokjr9s/m9yxkUbMoSX3SZ\nylKye/dtkyNYUU+/DTtfV+D5ZHCfyu/pXQHH/rcCgYAPo/XNORlnVtUtNQ0/kVxR\nRnFme8BYggSL2R2hYVjEQVj1pAKDUvf+oMHcwGlXK3Y83PnUsUB5dd0jP53q/18u\nmsAP9QgPgxA++TxdlEKxuUI/4OkZq0ANiobUXhJEANMRZdGCRg2LhJcy5jqTlwt9\ntNHrOwgksw9k08OzG0PxNQKBgQCqqj1Cxvn7cYincaRv1eZSj+w4NON+CyOWiPge\ndicHv8FRvylQk7zeaMWEt6cQ5aVbCxCQV1iNiTPezgB50vfOMSJ29Dt6fuUn0XsI\nVcgQfKaL4TDEYlrOxh1NgSxWoZWazY2gSFpaZpZ+8uvxwNny4zpURboW3K2BVn6e\nCxCswwKBgHKN3YiQLOATcNMlXGbM2VkrNthdm22moVrMcKYzMjyGyKDtmVa4mXHy\njBaUjSw6nmCT7H18peQThQOKht7rv6IuFMatyJM2NnRzU6+ZtunqtI8nvHV4i/ED\ntsrsXtYDp7cqhv1A759z2IV0WdmaNxNLfOWjyBE3SqW7A2IyXt/b\n-----END RSA PRIVATE KEY-----\n",
            "private_key_pem_pkcs8": "-----BEGIN PRIVATE KEY-----\nMIIEvQIBADANBgkqhkiG9w0BAQEFAASCBKcwggSjAgEAAoIBAQCihjIBKGKDjxvz\nE7ztAIJ03M/WZtPbeaqwMD/KJxUvsSdzL30gQ49V6LJsCwQZQFs7cf7N9CMh20ZY\nB7ICyLkvIVzLsmPFkqdmGJYsj0njS2fbNX1bULkxRlUPJrRcUsJmU5wu8kX2mWMt\nh/khnMM3TciNe7JerAt5m9RmYUPSPkPRZMAZeXR34jtAMypMaOOG/RwdD1xqGEi4\nAQ7Giic2Tf4ZzOiY1T5be6s2OL9dcgDwocyZ7P7/UmGU7s3NGiDEGLUmloRetuX8\nmj0qQVWu7SJOlTAy8s1FNLZ4D+9kMhIR42FNgJuniRfk75d6AiirhAVSuNbyHKrx\nuWlLS/FdAgMBAAECggEAQ/xs+I0DQNNhtrpgAqh+6hHgo2iaYSoxG8jjNlZJB41M\n2mNYLWH1mNNhp86n5URFpcVW+KKS+7u1XmfBsGZ1COEk51T1ZZWmjw/j6jn6h6lo\nhYuHp+ZJwfIQ7Oic9C3ugk2hfQX9/F1H3qkNr2DbTMwuA/llsTK5DiMAo982NsEI\nPFQ9DX2zvvokNrQyDug8zJuCmsEL855zPaLUmoLPAq/pHD2jhJy5VKdh1q6XFfqt\n8YloXg2Lvl7wK1B8rKecB1lp8i3lXeAAguxcdZJLIsabwfxHAtwUoKJzGLi55Sql\nVwJ6OsO4V2gJAbPG+Y2FvblFc/Ium+bzWpLJ29RQhQKBgQDAUC7vIv724rn5YgDM\nWVSQOP784qU8V9l5NiceyUC5sIVIYTha8aeCY7verilJI+XjJOuejRJ6TPkKgbyx\nASlN/1wPOuK6UHyXdjfZmyZsWny9lQk/5ZH0BTR94cWAxdbNCOGNquHRCHzaglQL\nOIkEh55nyl5Ra7ASmGBj2kx8iwKBgQDYWJOMDR2wEQ3k/Bo2QL/uhYXII9RM8XmH\naHhYIeWoAGbEFNUP6kdnohhH4qANiBwW9VZC5cZqZtrHHmUpxmtZfM/Vubof6S4/\nceEeusWOUk2TmuiSOv2z+b3LGRRsyhJfdJnKUrJ7922TI1hRT78NO19X4PlkcJ/K\n7+ldAcf+twKBgA+j9c05GWdW1S01DT+RXFFGcWZ7wFiCBIvZHaFhWMRBWPWkAoNS\n9/6gwdzAaVcrdjzc+dSxQHl13SM/ner/Xy6awA/1CA+DED75PF2UQrG5Qj/g6Rmr\nQA2KhtReEkQA0xFl0YJGDYuElzLmOpOXC3200es7CCSzD2TTw7MbQ/E1AoGBAKqq\nPULG+ftxiKdxpG/V5lKP7Dg0434LI5aI+B52Jwe/wVG/KVCTvN5oxYS3pxDlpVsL\nEJBXWI2JM97OAHnS984xInb0O3p+5SfRewhVyBB8povhMMRiWs7GHU2BLFahlZrN\njaBIWlpmln7y6/HA2fLjOlRFuhbcrYFWfp4LEKzDAoGAco3diJAs4BNw0yVcZszZ\nWSs22F2bbaahWsxwpjMyPIbIoO2ZVriZcfKMFpSNLDqeYJPsfXyl5BOFA4qG3uu/\noi4Uxq3IkzY2dHNTr5m26eq0jye8dXiL8QO2yuxe1gOntyqG/UDvn3PYhXRZ2Zo3\nE0t85aPIETdKpbsDYjJe39s=\n-----END PRIVATE KEY-----\n",
            "public_key_fingerprint_md5": "67:dd:66:44:00:fc:1c:8d:5b:c5:4c:f6:5d:aa:1d:c9",
            "public_key_fingerprint_sha256": "SHA256:YMvzLQG3AU0f6RvdLsxwyxQCcAksIcBRcRXxriMTVvg",
            "public_key_openssh": "ssh-rsa AAAAB3NzaC1yc2EAAAADAQABAAABAQCihjIBKGKDjxvzE7ztAIJ03M/WZtPbeaqwMD/KJxUvsSdzL30gQ49V6LJsCwQZQFs7cf7N9CMh20ZYB7ICyLkvIVzLsmPFkqdmGJYsj0njS2fbNX1bULkxRlUPJrRcUsJmU5wu8kX2mWMth/khnMM3TciNe7JerAt5m9RmYUPSPkPRZMAZeXR34jtAMypMaOOG/RwdD1xqGEi4AQ7Giic2Tf4ZzOiY1T5be6s2OL9dcgDwocyZ7P7/UmGU7s3NGiDEGLUmloRetuX8mj0qQVWu7SJOlTAy8s1FNLZ4D+9kMhIR42FNgJuniRfk75d6AiirhAVSuNbyHKrxuWlLS/Fd\n",
            "public_key_pem": "-----BEGIN PUBLIC KEY-----\nMIIBIjANBgkqhkiG9w0BAQEFAAOCAQ8AMIIBCgKCAQEAooYyAShig48b8xO87QCC\ndNzP1mbT23mqsDA/yicVL7Ency99IEOPVeiybAsEGUBbO3H+zfQjIdtGWAeyAsi5\nLyFcy7JjxZKnZhiWLI9J40tn2zV9W1C5MUZVDya0XFLCZlOcLvJF9pljLYf5IZzD\nN03IjXuyXqwLeZvUZmFD0j5D0WTAGXl0d+I7QDMqTGjjhv0cHQ9cahhIuAEOxoon\nNk3+GczomNU+W3urNji/XXIA8KHMmez+/1JhlO7NzRogxBi1JpaEXrbl/Jo9KkFV\nru0iTpUwMvLNRTS2eA/vZDISEeNhTYCbp4kX5O+XegIoq4QFUrjW8hyq8blpS0vx\nXQIDAQAB\n-----END PUBLIC KEY-----\n",
            "rsa_bits": 2048
          },
          "sensitive_attributes": [
            [
              {
                "type": "get_attr",
                "value": "private_key_pem_pkcs8"
              }
            ],
            [
              {
                "type": "get_attr",
                "value": "private_key_openssh"
              }
            ],
            [
              {
                "type": "get_attr",
                "value": "private_key_pem"
              }
            ]
          ]
        }
      ]
    }
  ],
  "check_results": null
}
